// !$*UTF8*$!
{
	archiveVersion = 1;
	classes = {
	};
	objectVersion = 56;
	objects = {

/* Begin PBXBuildFile section */
		0B019BAA2BAEC54600E89BB4 /* BottomSheetViewController.swift in Sources */ = {isa = PBXBuildFile; fileRef = 0B019BA92BAEC54600E89BB4 /* BottomSheetViewController.swift */; };
		0B019BAC2BAEC67100E89BB4 /* SchoolCheckViewController.swift in Sources */ = {isa = PBXBuildFile; fileRef = 0B019BAB2BAEC67100E89BB4 /* SchoolCheckViewController.swift */; };
		0B019BAE2BAEC7A100E89BB4 /* EnviromentCheckViewController.swift in Sources */ = {isa = PBXBuildFile; fileRef = 0B019BAD2BAEC7A100E89BB4 /* EnviromentCheckViewController.swift */; };
		0B019BB02BAF0B1C00E89BB4 /* AroundFacilitie.swift in Sources */ = {isa = PBXBuildFile; fileRef = 0B019BAF2BAF0B1C00E89BB4 /* AroundFacilitie.swift */; };
		0B019BB22BB0096A00E89BB4 /* AddEditType.swift in Sources */ = {isa = PBXBuildFile; fileRef = 0B019BB12BB0096A00E89BB4 /* AddEditType.swift */; };
		0B019BB82BB0390200E89BB4 /* ArchiveViewController.swift in Sources */ = {isa = PBXBuildFile; fileRef = 0B019BB72BB0390200E89BB4 /* ArchiveViewController.swift */; };
		0B019C3C2BB552A200E89BB4 /* RxCocoa in Frameworks */ = {isa = PBXBuildFile; productRef = 0B019C3B2BB552A200E89BB4 /* RxCocoa */; };
		0B019C3E2BB552A200E89BB4 /* RxSwift in Frameworks */ = {isa = PBXBuildFile; productRef = 0B019C3D2BB552A200E89BB4 /* RxSwift */; };
		0B019C412BB552F800E89BB4 /* OnboardingViewModel.swift in Sources */ = {isa = PBXBuildFile; fileRef = 0B019C402BB552F800E89BB4 /* OnboardingViewModel.swift */; };
		0B019C432BB5598200E89BB4 /* OnboardingView.swift in Sources */ = {isa = PBXBuildFile; fileRef = 0B019C422BB5598200E89BB4 /* OnboardingView.swift */; };
		0B1F83D52B99838500CBF4DE /* AppDelegate.swift in Sources */ = {isa = PBXBuildFile; fileRef = 0B1F83D42B99838500CBF4DE /* AppDelegate.swift */; };
		0B1F83D72B99838500CBF4DE /* SceneDelegate.swift in Sources */ = {isa = PBXBuildFile; fileRef = 0B1F83D62B99838500CBF4DE /* SceneDelegate.swift */; };
		0B1F83DE2B99838800CBF4DE /* Assets.xcassets in Resources */ = {isa = PBXBuildFile; fileRef = 0B1F83DD2B99838800CBF4DE /* Assets.xcassets */; };
		0B1F83E12B99838800CBF4DE /* Base in Resources */ = {isa = PBXBuildFile; fileRef = 0B1F83E02B99838800CBF4DE /* Base */; };
		0B1F83E92B99860C00CBF4DE /* .gitignore in Resources */ = {isa = PBXBuildFile; fileRef = 0B1F83E82B99860C00CBF4DE /* .gitignore */; };
		0B1F83FE2B9993C000CBF4DE /* TabbarViewController.swift in Sources */ = {isa = PBXBuildFile; fileRef = 0B1F83F82B9993C000CBF4DE /* TabbarViewController.swift */; };
		0B1F84042B9993DF00CBF4DE /* BaseCollectionViewCell.swift in Sources */ = {isa = PBXBuildFile; fileRef = 0B1F83FF2B9993DE00CBF4DE /* BaseCollectionViewCell.swift */; };
		0B1F84052B9993DF00CBF4DE /* BaseTableViewCell.swift in Sources */ = {isa = PBXBuildFile; fileRef = 0B1F84002B9993DE00CBF4DE /* BaseTableViewCell.swift */; };
		0B1F84062B9993DF00CBF4DE /* BaseUIView.swift in Sources */ = {isa = PBXBuildFile; fileRef = 0B1F84012B9993DE00CBF4DE /* BaseUIView.swift */; };
		0B1F84072B9993DF00CBF4DE /* BaseViewController.swift in Sources */ = {isa = PBXBuildFile; fileRef = 0B1F84022B9993DE00CBF4DE /* BaseViewController.swift */; };
		0B1F840C2B99944E00CBF4DE /* SnapKit in Frameworks */ = {isa = PBXBuildFile; productRef = 0B1F840B2B99944E00CBF4DE /* SnapKit */; };
		0B1F840F2B99948200CBF4DE /* Realm in Frameworks */ = {isa = PBXBuildFile; productRef = 0B1F840E2B99948200CBF4DE /* Realm */; };
		0B1F84112B99948200CBF4DE /* RealmSwift in Frameworks */ = {isa = PBXBuildFile; productRef = 0B1F84102B99948200CBF4DE /* RealmSwift */; };
		0B1F84142B99949200CBF4DE /* Alamofire in Frameworks */ = {isa = PBXBuildFile; productRef = 0B1F84132B99949200CBF4DE /* Alamofire */; };
		0B1F84172B99949B00CBF4DE /* Toast in Frameworks */ = {isa = PBXBuildFile; productRef = 0B1F84162B99949B00CBF4DE /* Toast */; };
		0B1F841A2B9994A300CBF4DE /* Kingfisher in Frameworks */ = {isa = PBXBuildFile; productRef = 0B1F84192B9994A300CBF4DE /* Kingfisher */; };
		0B1F841D2B9994B300CBF4DE /* TextFieldEffects in Frameworks */ = {isa = PBXBuildFile; productRef = 0B1F841C2B9994B300CBF4DE /* TextFieldEffects */; };
		0B1F84252B9AEA1200CBF4DE /* RequestManager.swift in Sources */ = {isa = PBXBuildFile; fileRef = 0B1F84242B9AEA1200CBF4DE /* RequestManager.swift */; };
		0B1F84272B9AEA1F00CBF4DE /* APIkind.swift in Sources */ = {isa = PBXBuildFile; fileRef = 0B1F84262B9AEA1F00CBF4DE /* APIkind.swift */; };
		0B1F842B2B9BF3A400CBF4DE /* RealEstateProperty.swift in Sources */ = {isa = PBXBuildFile; fileRef = 0B1F842A2B9BF3A400CBF4DE /* RealEstateProperty.swift */; };
		0B7EC8B42BA176BA0076F873 /* APIkeys.swift in Sources */ = {isa = PBXBuildFile; fileRef = 0B7EC8B32BA176BA0076F873 /* APIkeys.swift */; };
		0B7EC8B72BA178100076F873 /* MapViewController.swift in Sources */ = {isa = PBXBuildFile; fileRef = 0B7EC8B62BA178100076F873 /* MapViewController.swift */; };
		0B7EC8B92BA178D20076F873 /* MapView.swift in Sources */ = {isa = PBXBuildFile; fileRef = 0B7EC8B82BA178D20076F873 /* MapView.swift */; };
		0B7EC8BB2BA1814A0076F873 /* MapViewModel.swift in Sources */ = {isa = PBXBuildFile; fileRef = 0B7EC8BA2BA1814A0076F873 /* MapViewModel.swift */; };
		0B7EC8BE2BA181D40076F873 /* Observable.swift in Sources */ = {isa = PBXBuildFile; fileRef = 0B7EC8BC2BA181D40076F873 /* Observable.swift */; };
		0B7EC8C32BA2BBB70076F873 /* MapTapInfoView.swift in Sources */ = {isa = PBXBuildFile; fileRef = 0B7EC8C22BA2BBB70076F873 /* MapTapInfoView.swift */; };
		0B7EC8CE2BA40D150076F873 /* SearchViewController.swift in Sources */ = {isa = PBXBuildFile; fileRef = 0B7EC8CD2BA40D150076F873 /* SearchViewController.swift */; };
		0B7EC8D02BA40D460076F873 /* SearchView.swift in Sources */ = {isa = PBXBuildFile; fileRef = 0B7EC8CF2BA40D460076F873 /* SearchView.swift */; };
		0B7EC8D32BA4115B0076F873 /* DeleteBackButton+Extension.swift in Sources */ = {isa = PBXBuildFile; fileRef = 0B7EC8D22BA4115B0076F873 /* DeleteBackButton+Extension.swift */; };
		0B7EC8DA2BA4169B0076F873 /* SearchViewModel.swift in Sources */ = {isa = PBXBuildFile; fileRef = 0B7EC8D92BA4169B0076F873 /* SearchViewModel.swift */; };
		0B7EC8DD2BA4264E0076F873 /* JalnanGothic.otf in Resources */ = {isa = PBXBuildFile; fileRef = 0B7EC8DC2BA4264E0076F873 /* JalnanGothic.otf */; };
		0B7EC8E02BA55AE40076F873 /* SearchHistoryTableViewCell.swift in Sources */ = {isa = PBXBuildFile; fileRef = 0B7EC8DF2BA55AE40076F873 /* SearchHistoryTableViewCell.swift */; };
		0B7EC8E52BA714390076F873 /* KakaoSearchModel.swift in Sources */ = {isa = PBXBuildFile; fileRef = 0B7EC8E42BA714390076F873 /* KakaoSearchModel.swift */; };
		0B7EC8E82BA714AE0076F873 /* PlaceType.swift in Sources */ = {isa = PBXBuildFile; fileRef = 0B7EC8E72BA714AE0076F873 /* PlaceType.swift */; };
		0B7EC8EB2BA747400076F873 /* SearchHistory.swift in Sources */ = {isa = PBXBuildFile; fileRef = 0B7EC8EA2BA747400076F873 /* SearchHistory.swift */; };
		0B7EC8EE2BA749460076F873 /* RealmDataManager.swift in Sources */ = {isa = PBXBuildFile; fileRef = 0B7EC8ED2BA749460076F873 /* RealmDataManager.swift */; };
		0BA76E442BA754C000798E44 /* DateFormatter+Extension.swift in Sources */ = {isa = PBXBuildFile; fileRef = 0BA76E432BA754C000798E44 /* DateFormatter+Extension.swift */; };
		0BA76E472BA7CE1500798E44 /* FirebaseAnalyticsWithoutAdIdSupport in Frameworks */ = {isa = PBXBuildFile; productRef = 0BA76E462BA7CE1500798E44 /* FirebaseAnalyticsWithoutAdIdSupport */; };
		0BA76E492BA7CE1500798E44 /* FirebaseCrashlytics in Frameworks */ = {isa = PBXBuildFile; productRef = 0BA76E482BA7CE1500798E44 /* FirebaseCrashlytics */; };
		0BA76E4B2BA7CE1500798E44 /* FirebaseMessaging in Frameworks */ = {isa = PBXBuildFile; productRef = 0BA76E4A2BA7CE1500798E44 /* FirebaseMessaging */; };
		0BA76E502BA7CF7B00798E44 /* GoogleService-Info.plist in Resources */ = {isa = PBXBuildFile; fileRef = 0BA76E4F2BA7CF7B00798E44 /* GoogleService-Info.plist */; };
		0BA76E562BA8078700798E44 /* AddEditViewController.swift in Sources */ = {isa = PBXBuildFile; fileRef = 0BA76E552BA8078700798E44 /* AddEditViewController.swift */; };
		0BA76E582BA807CF00798E44 /* AddEditView.swift in Sources */ = {isa = PBXBuildFile; fileRef = 0BA76E572BA807CF00798E44 /* AddEditView.swift */; };
		0BA76E5B2BA8084400798E44 /* Tabman in Frameworks */ = {isa = PBXBuildFile; productRef = 0BA76E5A2BA8084400798E44 /* Tabman */; };
		0BA76E5F2BA9165F00798E44 /* NaverReverseGeocodingModel.swift in Sources */ = {isa = PBXBuildFile; fileRef = 0BA76E5E2BA9165F00798E44 /* NaverReverseGeocodingModel.swift */; };
		0BA76E682BA9638900798E44 /* NaverGeocodingModel.swift in Sources */ = {isa = PBXBuildFile; fileRef = 0BA76E672BA9638900798E44 /* NaverGeocodingModel.swift */; };
		0BA76E6B2BA9767D00798E44 /* SearchToMapDataPassingModel.swift in Sources */ = {isa = PBXBuildFile; fileRef = 0BA76E6A2BA9767D00798E44 /* SearchToMapDataPassingModel.swift */; };
		0BA76E6D2BAA592700798E44 /* AddEditViewModel.swift in Sources */ = {isa = PBXBuildFile; fileRef = 0BA76E6C2BAA592700798E44 /* AddEditViewModel.swift */; };
		0BA76E6F2BAA6C5800798E44 /* DefaultInfoView.swift in Sources */ = {isa = PBXBuildFile; fileRef = 0BA76E6E2BAA6C5800798E44 /* DefaultInfoView.swift */; };
		0BA76E712BAA6C6000798E44 /* SeperatorView.swift in Sources */ = {isa = PBXBuildFile; fileRef = 0BA76E702BAA6C6000798E44 /* SeperatorView.swift */; };
		0BA76E732BAA6C7400798E44 /* ImageMemoView.swift in Sources */ = {isa = PBXBuildFile; fileRef = 0BA76E722BAA6C7400798E44 /* ImageMemoView.swift */; };
		0BA76E752BAA6C8E00798E44 /* CheckListViewController.swift in Sources */ = {isa = PBXBuildFile; fileRef = 0BA76E742BAA6C8E00798E44 /* CheckListViewController.swift */; };
		0BA76E832BAAC51300798E44 /* AddEditHoshiTextField.swift in Sources */ = {isa = PBXBuildFile; fileRef = 0BA76E822BAAC51300798E44 /* AddEditHoshiTextField.swift */; };
		0BA76E852BAB1E4F00798E44 /* InfoLabel.swift in Sources */ = {isa = PBXBuildFile; fileRef = 0BA76E842BAB1E4F00798E44 /* InfoLabel.swift */; };
		0BA76E872BABB78100798E44 /* ImageSelectView.swift in Sources */ = {isa = PBXBuildFile; fileRef = 0BA76E862BABB78100798E44 /* ImageSelectView.swift */; };
		0BA76E892BABBB5E00798E44 /* SettingCase.swift in Sources */ = {isa = PBXBuildFile; fileRef = 0BA76E882BABBB5E00798E44 /* SettingCase.swift */; };
		0BA76E962BADAD7700798E44 /* CheckListType.swift in Sources */ = {isa = PBXBuildFile; fileRef = 0BA76E952BADAD7700798E44 /* CheckListType.swift */; };
		0BA76E9B2BADB2D000798E44 /* InsideCheckViewController.swift in Sources */ = {isa = PBXBuildFile; fileRef = 0BA76E9A2BADB2D000798E44 /* InsideCheckViewController.swift */; };
		0BA76EA22BADC1AF00798E44 /* SelectCheckView.swift in Sources */ = {isa = PBXBuildFile; fileRef = 0BA76EA12BADC1AF00798E44 /* SelectCheckView.swift */; };
		0BA76EA42BADC22E00798E44 /* TextCheckView.swift in Sources */ = {isa = PBXBuildFile; fileRef = 0BA76EA32BADC22E00798E44 /* TextCheckView.swift */; };
		0BA76EA62BADC6A200798E44 /* CheckButton.swift in Sources */ = {isa = PBXBuildFile; fileRef = 0BA76EA52BADC6A200798E44 /* CheckButton.swift */; };
		0BA76EA82BADC93600798E44 /* UserDefaults+Extension.swift in Sources */ = {isa = PBXBuildFile; fileRef = 0BA76EA72BADC93600798E44 /* UserDefaults+Extension.swift */; };
		0BA76EAE2BADC9EB00798E44 /* OnboardingViewController.swift in Sources */ = {isa = PBXBuildFile; fileRef = 0BA76EAD2BADC9EB00798E44 /* OnboardingViewController.swift */; };
		0BA76EB32BADCEEA00798E44 /* OnboardingStackView.swift in Sources */ = {isa = PBXBuildFile; fileRef = 0BA76EB22BADCEEA00798E44 /* OnboardingStackView.swift */; };
		0BCD87BF2B9C36BF0018F06B /* CheckList.swift in Sources */ = {isa = PBXBuildFile; fileRef = 0BCD87BE2B9C36BF0018F06B /* CheckList.swift */; };
		0BCD87C32B9C36EC0018F06B /* Folder.swift in Sources */ = {isa = PBXBuildFile; fileRef = 0BCD87C22B9C36EC0018F06B /* Folder.swift */; };
		1D5E1270A0ABDD760C1A7D18 /* Pods_BuyingMyHome.framework in Frameworks */ = {isa = PBXBuildFile; fileRef = 0F06748343C356730A920C69 /* Pods_BuyingMyHome.framework */; };
/* End PBXBuildFile section */

/* Begin PBXFileReference section */
		0B019BA92BAEC54600E89BB4 /* BottomSheetViewController.swift */ = {isa = PBXFileReference; lastKnownFileType = sourcecode.swift; path = BottomSheetViewController.swift; sourceTree = "<group>"; };
		0B019BAB2BAEC67100E89BB4 /* SchoolCheckViewController.swift */ = {isa = PBXFileReference; lastKnownFileType = sourcecode.swift; path = SchoolCheckViewController.swift; sourceTree = "<group>"; };
		0B019BAD2BAEC7A100E89BB4 /* EnviromentCheckViewController.swift */ = {isa = PBXFileReference; lastKnownFileType = sourcecode.swift; path = EnviromentCheckViewController.swift; sourceTree = "<group>"; };
		0B019BAF2BAF0B1C00E89BB4 /* AroundFacilitie.swift */ = {isa = PBXFileReference; fileEncoding = 4; lastKnownFileType = sourcecode.swift; path = AroundFacilitie.swift; sourceTree = "<group>"; };
		0B019BB12BB0096A00E89BB4 /* AddEditType.swift */ = {isa = PBXFileReference; lastKnownFileType = sourcecode.swift; path = AddEditType.swift; sourceTree = "<group>"; };
		0B019BB72BB0390200E89BB4 /* ArchiveViewController.swift */ = {isa = PBXFileReference; lastKnownFileType = sourcecode.swift; path = ArchiveViewController.swift; sourceTree = "<group>"; };
		0B019BB92BB115F700E89BB4 /* ko */ = {isa = PBXFileReference; lastKnownFileType = text.plist.strings; name = ko; path = ko.lproj/LaunchScreen.strings; sourceTree = "<group>"; };
		0B019C402BB552F800E89BB4 /* OnboardingViewModel.swift */ = {isa = PBXFileReference; lastKnownFileType = sourcecode.swift; path = OnboardingViewModel.swift; sourceTree = "<group>"; };
		0B019C422BB5598200E89BB4 /* OnboardingView.swift */ = {isa = PBXFileReference; lastKnownFileType = sourcecode.swift; path = OnboardingView.swift; sourceTree = "<group>"; };
		0B1F83D12B99838500CBF4DE /* BuyingMyHome.app */ = {isa = PBXFileReference; explicitFileType = wrapper.application; includeInIndex = 0; path = BuyingMyHome.app; sourceTree = BUILT_PRODUCTS_DIR; };
		0B1F83D42B99838500CBF4DE /* AppDelegate.swift */ = {isa = PBXFileReference; lastKnownFileType = sourcecode.swift; path = AppDelegate.swift; sourceTree = "<group>"; };
		0B1F83D62B99838500CBF4DE /* SceneDelegate.swift */ = {isa = PBXFileReference; lastKnownFileType = sourcecode.swift; path = SceneDelegate.swift; sourceTree = "<group>"; };
		0B1F83DD2B99838800CBF4DE /* Assets.xcassets */ = {isa = PBXFileReference; lastKnownFileType = folder.assetcatalog; path = Assets.xcassets; sourceTree = "<group>"; };
		0B1F83E02B99838800CBF4DE /* Base */ = {isa = PBXFileReference; lastKnownFileType = file.storyboard; name = Base; path = Base.lproj/LaunchScreen.storyboard; sourceTree = "<group>"; };
		0B1F83E22B99838800CBF4DE /* Info.plist */ = {isa = PBXFileReference; lastKnownFileType = text.plist.xml; path = Info.plist; sourceTree = "<group>"; };
		0B1F83E82B99860C00CBF4DE /* .gitignore */ = {isa = PBXFileReference; lastKnownFileType = text; path = .gitignore; sourceTree = "<group>"; };
		0B1F83F82B9993C000CBF4DE /* TabbarViewController.swift */ = {isa = PBXFileReference; fileEncoding = 4; lastKnownFileType = sourcecode.swift; path = TabbarViewController.swift; sourceTree = "<group>"; };
		0B1F83FF2B9993DE00CBF4DE /* BaseCollectionViewCell.swift */ = {isa = PBXFileReference; fileEncoding = 4; lastKnownFileType = sourcecode.swift; path = BaseCollectionViewCell.swift; sourceTree = "<group>"; };
		0B1F84002B9993DE00CBF4DE /* BaseTableViewCell.swift */ = {isa = PBXFileReference; fileEncoding = 4; lastKnownFileType = sourcecode.swift; path = BaseTableViewCell.swift; sourceTree = "<group>"; };
		0B1F84012B9993DE00CBF4DE /* BaseUIView.swift */ = {isa = PBXFileReference; fileEncoding = 4; lastKnownFileType = sourcecode.swift; path = BaseUIView.swift; sourceTree = "<group>"; };
		0B1F84022B9993DE00CBF4DE /* BaseViewController.swift */ = {isa = PBXFileReference; fileEncoding = 4; lastKnownFileType = sourcecode.swift; path = BaseViewController.swift; sourceTree = "<group>"; };
		0B1F84242B9AEA1200CBF4DE /* RequestManager.swift */ = {isa = PBXFileReference; lastKnownFileType = sourcecode.swift; path = RequestManager.swift; sourceTree = "<group>"; };
		0B1F84262B9AEA1F00CBF4DE /* APIkind.swift */ = {isa = PBXFileReference; lastKnownFileType = sourcecode.swift; path = APIkind.swift; sourceTree = "<group>"; };
		0B1F842A2B9BF3A400CBF4DE /* RealEstateProperty.swift */ = {isa = PBXFileReference; lastKnownFileType = sourcecode.swift; path = RealEstateProperty.swift; sourceTree = "<group>"; };
		0B7EC8B32BA176BA0076F873 /* APIkeys.swift */ = {isa = PBXFileReference; lastKnownFileType = sourcecode.swift; path = APIkeys.swift; sourceTree = "<group>"; };
		0B7EC8B62BA178100076F873 /* MapViewController.swift */ = {isa = PBXFileReference; lastKnownFileType = sourcecode.swift; path = MapViewController.swift; sourceTree = "<group>"; };
		0B7EC8B82BA178D20076F873 /* MapView.swift */ = {isa = PBXFileReference; lastKnownFileType = sourcecode.swift; path = MapView.swift; sourceTree = "<group>"; };
		0B7EC8BA2BA1814A0076F873 /* MapViewModel.swift */ = {isa = PBXFileReference; lastKnownFileType = sourcecode.swift; path = MapViewModel.swift; sourceTree = "<group>"; };
		0B7EC8BC2BA181D40076F873 /* Observable.swift */ = {isa = PBXFileReference; fileEncoding = 4; lastKnownFileType = sourcecode.swift; path = Observable.swift; sourceTree = "<group>"; };
		0B7EC8C22BA2BBB70076F873 /* MapTapInfoView.swift */ = {isa = PBXFileReference; fileEncoding = 4; lastKnownFileType = sourcecode.swift; path = MapTapInfoView.swift; sourceTree = "<group>"; };
		0B7EC8CD2BA40D150076F873 /* SearchViewController.swift */ = {isa = PBXFileReference; lastKnownFileType = sourcecode.swift; path = SearchViewController.swift; sourceTree = "<group>"; };
		0B7EC8CF2BA40D460076F873 /* SearchView.swift */ = {isa = PBXFileReference; lastKnownFileType = sourcecode.swift; path = SearchView.swift; sourceTree = "<group>"; };
		0B7EC8D22BA4115B0076F873 /* DeleteBackButton+Extension.swift */ = {isa = PBXFileReference; lastKnownFileType = sourcecode.swift; path = "DeleteBackButton+Extension.swift"; sourceTree = "<group>"; };
		0B7EC8D92BA4169B0076F873 /* SearchViewModel.swift */ = {isa = PBXFileReference; lastKnownFileType = sourcecode.swift; path = SearchViewModel.swift; sourceTree = "<group>"; };
		0B7EC8DC2BA4264E0076F873 /* JalnanGothic.otf */ = {isa = PBXFileReference; lastKnownFileType = file; path = JalnanGothic.otf; sourceTree = "<group>"; };
		0B7EC8DF2BA55AE40076F873 /* SearchHistoryTableViewCell.swift */ = {isa = PBXFileReference; lastKnownFileType = sourcecode.swift; path = SearchHistoryTableViewCell.swift; sourceTree = "<group>"; };
		0B7EC8E42BA714390076F873 /* KakaoSearchModel.swift */ = {isa = PBXFileReference; lastKnownFileType = sourcecode.swift; path = KakaoSearchModel.swift; sourceTree = "<group>"; };
		0B7EC8E72BA714AE0076F873 /* PlaceType.swift */ = {isa = PBXFileReference; lastKnownFileType = sourcecode.swift; path = PlaceType.swift; sourceTree = "<group>"; };
		0B7EC8EA2BA747400076F873 /* SearchHistory.swift */ = {isa = PBXFileReference; lastKnownFileType = sourcecode.swift; path = SearchHistory.swift; sourceTree = "<group>"; };
		0B7EC8ED2BA749460076F873 /* RealmDataManager.swift */ = {isa = PBXFileReference; lastKnownFileType = sourcecode.swift; path = RealmDataManager.swift; sourceTree = "<group>"; };
		0BA76E432BA754C000798E44 /* DateFormatter+Extension.swift */ = {isa = PBXFileReference; lastKnownFileType = sourcecode.swift; path = "DateFormatter+Extension.swift"; sourceTree = "<group>"; };
		0BA76E4F2BA7CF7B00798E44 /* GoogleService-Info.plist */ = {isa = PBXFileReference; fileEncoding = 4; lastKnownFileType = text.plist.xml; path = "GoogleService-Info.plist"; sourceTree = "<group>"; };
		0BA76E552BA8078700798E44 /* AddEditViewController.swift */ = {isa = PBXFileReference; lastKnownFileType = sourcecode.swift; path = AddEditViewController.swift; sourceTree = "<group>"; };
		0BA76E572BA807CF00798E44 /* AddEditView.swift */ = {isa = PBXFileReference; lastKnownFileType = sourcecode.swift; path = AddEditView.swift; sourceTree = "<group>"; };
		0BA76E5E2BA9165F00798E44 /* NaverReverseGeocodingModel.swift */ = {isa = PBXFileReference; lastKnownFileType = sourcecode.swift; path = NaverReverseGeocodingModel.swift; sourceTree = "<group>"; };
		0BA76E672BA9638900798E44 /* NaverGeocodingModel.swift */ = {isa = PBXFileReference; lastKnownFileType = sourcecode.swift; path = NaverGeocodingModel.swift; sourceTree = "<group>"; };
		0BA76E6A2BA9767D00798E44 /* SearchToMapDataPassingModel.swift */ = {isa = PBXFileReference; lastKnownFileType = sourcecode.swift; path = SearchToMapDataPassingModel.swift; sourceTree = "<group>"; };
		0BA76E6C2BAA592700798E44 /* AddEditViewModel.swift */ = {isa = PBXFileReference; lastKnownFileType = sourcecode.swift; path = AddEditViewModel.swift; sourceTree = "<group>"; };
		0BA76E6E2BAA6C5800798E44 /* DefaultInfoView.swift */ = {isa = PBXFileReference; lastKnownFileType = sourcecode.swift; path = DefaultInfoView.swift; sourceTree = "<group>"; };
		0BA76E702BAA6C6000798E44 /* SeperatorView.swift */ = {isa = PBXFileReference; lastKnownFileType = sourcecode.swift; path = SeperatorView.swift; sourceTree = "<group>"; };
		0BA76E722BAA6C7400798E44 /* ImageMemoView.swift */ = {isa = PBXFileReference; lastKnownFileType = sourcecode.swift; path = ImageMemoView.swift; sourceTree = "<group>"; };
		0BA76E742BAA6C8E00798E44 /* CheckListViewController.swift */ = {isa = PBXFileReference; lastKnownFileType = sourcecode.swift; path = CheckListViewController.swift; sourceTree = "<group>"; };
		0BA76E822BAAC51300798E44 /* AddEditHoshiTextField.swift */ = {isa = PBXFileReference; lastKnownFileType = sourcecode.swift; path = AddEditHoshiTextField.swift; sourceTree = "<group>"; };
		0BA76E842BAB1E4F00798E44 /* InfoLabel.swift */ = {isa = PBXFileReference; lastKnownFileType = sourcecode.swift; path = InfoLabel.swift; sourceTree = "<group>"; };
		0BA76E862BABB78100798E44 /* ImageSelectView.swift */ = {isa = PBXFileReference; lastKnownFileType = sourcecode.swift; path = ImageSelectView.swift; sourceTree = "<group>"; };
		0BA76E882BABBB5E00798E44 /* SettingCase.swift */ = {isa = PBXFileReference; lastKnownFileType = sourcecode.swift; path = SettingCase.swift; sourceTree = "<group>"; };
		0BA76E952BADAD7700798E44 /* CheckListType.swift */ = {isa = PBXFileReference; lastKnownFileType = sourcecode.swift; path = CheckListType.swift; sourceTree = "<group>"; };
		0BA76E9A2BADB2D000798E44 /* InsideCheckViewController.swift */ = {isa = PBXFileReference; lastKnownFileType = sourcecode.swift; path = InsideCheckViewController.swift; sourceTree = "<group>"; };
		0BA76EA12BADC1AF00798E44 /* SelectCheckView.swift */ = {isa = PBXFileReference; lastKnownFileType = sourcecode.swift; path = SelectCheckView.swift; sourceTree = "<group>"; };
		0BA76EA32BADC22E00798E44 /* TextCheckView.swift */ = {isa = PBXFileReference; lastKnownFileType = sourcecode.swift; path = TextCheckView.swift; sourceTree = "<group>"; };
		0BA76EA52BADC6A200798E44 /* CheckButton.swift */ = {isa = PBXFileReference; lastKnownFileType = sourcecode.swift; path = CheckButton.swift; sourceTree = "<group>"; };
		0BA76EA72BADC93600798E44 /* UserDefaults+Extension.swift */ = {isa = PBXFileReference; lastKnownFileType = sourcecode.swift; path = "UserDefaults+Extension.swift"; sourceTree = "<group>"; };
		0BA76EAD2BADC9EB00798E44 /* OnboardingViewController.swift */ = {isa = PBXFileReference; lastKnownFileType = sourcecode.swift; path = OnboardingViewController.swift; sourceTree = "<group>"; };
		0BA76EB22BADCEEA00798E44 /* OnboardingStackView.swift */ = {isa = PBXFileReference; lastKnownFileType = sourcecode.swift; path = OnboardingStackView.swift; sourceTree = "<group>"; };
		0BCD87BE2B9C36BF0018F06B /* CheckList.swift */ = {isa = PBXFileReference; lastKnownFileType = sourcecode.swift; path = CheckList.swift; sourceTree = "<group>"; };
		0BCD87C22B9C36EC0018F06B /* Folder.swift */ = {isa = PBXFileReference; lastKnownFileType = sourcecode.swift; path = Folder.swift; sourceTree = "<group>"; };
		0F06748343C356730A920C69 /* Pods_BuyingMyHome.framework */ = {isa = PBXFileReference; explicitFileType = wrapper.framework; includeInIndex = 0; path = Pods_BuyingMyHome.framework; sourceTree = BUILT_PRODUCTS_DIR; };
		19ABA9AD7E594DEC066D4D13 /* Pods-BuyingMyHome.release.xcconfig */ = {isa = PBXFileReference; includeInIndex = 1; lastKnownFileType = text.xcconfig; name = "Pods-BuyingMyHome.release.xcconfig"; path = "Target Support Files/Pods-BuyingMyHome/Pods-BuyingMyHome.release.xcconfig"; sourceTree = "<group>"; };
		B08E652CE83D145625B1B28A /* Pods-BuyingMyHome.debug.xcconfig */ = {isa = PBXFileReference; includeInIndex = 1; lastKnownFileType = text.xcconfig; name = "Pods-BuyingMyHome.debug.xcconfig"; path = "Target Support Files/Pods-BuyingMyHome/Pods-BuyingMyHome.debug.xcconfig"; sourceTree = "<group>"; };
/* End PBXFileReference section */

/* Begin PBXFrameworksBuildPhase section */
		0B1F83CE2B99838500CBF4DE /* Frameworks */ = {
			isa = PBXFrameworksBuildPhase;
			buildActionMask = 2147483647;
			files = (
				0B1F841A2B9994A300CBF4DE /* Kingfisher in Frameworks */,
				0B1F84112B99948200CBF4DE /* RealmSwift in Frameworks */,
				0B1F84142B99949200CBF4DE /* Alamofire in Frameworks */,
				0B019C3C2BB552A200E89BB4 /* RxCocoa in Frameworks */,
				0B1F840F2B99948200CBF4DE /* Realm in Frameworks */,
				0B1F84172B99949B00CBF4DE /* Toast in Frameworks */,
				0B019C3E2BB552A200E89BB4 /* RxSwift in Frameworks */,
				0BA76E5B2BA8084400798E44 /* Tabman in Frameworks */,
				0B1F840C2B99944E00CBF4DE /* SnapKit in Frameworks */,
				0B1F841D2B9994B300CBF4DE /* TextFieldEffects in Frameworks */,
				0BA76E492BA7CE1500798E44 /* FirebaseCrashlytics in Frameworks */,
				0BA76E472BA7CE1500798E44 /* FirebaseAnalyticsWithoutAdIdSupport in Frameworks */,
				0BA76E4B2BA7CE1500798E44 /* FirebaseMessaging in Frameworks */,
				1D5E1270A0ABDD760C1A7D18 /* Pods_BuyingMyHome.framework in Frameworks */,
			);
			runOnlyForDeploymentPostprocessing = 0;
		};
/* End PBXFrameworksBuildPhase section */

/* Begin PBXGroup section */
		0B019BB32BB038E700E89BB4 /* ArchiveScene */ = {
			isa = PBXGroup;
			children = (
				0B019BB62BB038F700E89BB4 /* ViewModel */,
				0B019BB52BB038F400E89BB4 /* ViewController */,
				0B019BB42BB038F100E89BB4 /* View */,
			);
			path = ArchiveScene;
			sourceTree = "<group>";
		};
		0B019BB42BB038F100E89BB4 /* View */ = {
			isa = PBXGroup;
			children = (
			);
			path = View;
			sourceTree = "<group>";
		};
		0B019BB52BB038F400E89BB4 /* ViewController */ = {
			isa = PBXGroup;
			children = (
				0B019BB72BB0390200E89BB4 /* ArchiveViewController.swift */,
			);
			path = ViewController;
			sourceTree = "<group>";
		};
		0B019BB62BB038F700E89BB4 /* ViewModel */ = {
			isa = PBXGroup;
			children = (
			);
			path = ViewModel;
			sourceTree = "<group>";
		};
		0B019C3F2BB552E700E89BB4 /* ViewModel */ = {
			isa = PBXGroup;
			children = (
				0B019C402BB552F800E89BB4 /* OnboardingViewModel.swift */,
			);
			path = ViewModel;
			sourceTree = "<group>";
		};
		0B1F83C82B99838500CBF4DE = {
			isa = PBXGroup;
			children = (
				0B1F83E82B99860C00CBF4DE /* .gitignore */,
				0B1F83D32B99838500CBF4DE /* BuyingMyHome */,
				0B1F83D22B99838500CBF4DE /* Products */,
				E5709D2B600757E666DF5EC5 /* Pods */,
				A963362B8451B0179290BFF4 /* Frameworks */,
			);
			sourceTree = "<group>";
		};
		0B1F83D22B99838500CBF4DE /* Products */ = {
			isa = PBXGroup;
			children = (
				0B1F83D12B99838500CBF4DE /* BuyingMyHome.app */,
			);
			name = Products;
			sourceTree = "<group>";
		};
		0B1F83D32B99838500CBF4DE /* BuyingMyHome */ = {
			isa = PBXGroup;
			children = (
				0BA76E4F2BA7CF7B00798E44 /* GoogleService-Info.plist */,
				0B7EC8E62BA714910076F873 /* Enum */,
				0B7EC8DB2BA426230076F873 /* Font */,
				0B7EC8D12BA411400076F873 /* Extension */,
				0B1F84232B9AE9EC00CBF4DE /* Model */,
				0B1F84202B9AE9DF00CBF4DE /* Service */,
				0B1F83EC2B99936A00CBF4DE /* Scene */,
				0B1F83D42B99838500CBF4DE /* AppDelegate.swift */,
				0B1F83D62B99838500CBF4DE /* SceneDelegate.swift */,
				0B1F83DD2B99838800CBF4DE /* Assets.xcassets */,
				0B1F83DF2B99838800CBF4DE /* LaunchScreen.storyboard */,
				0B1F83E22B99838800CBF4DE /* Info.plist */,
			);
			path = BuyingMyHome;
			sourceTree = "<group>";
		};
		0B1F83EC2B99936A00CBF4DE /* Scene */ = {
			isa = PBXGroup;
			children = (
				0B019BB32BB038E700E89BB4 /* ArchiveScene */,
				0BA76EA92BADC9C900798E44 /* OnboardingScene */,
				0BA76E512BA8070500798E44 /* AddEditScene */,
				0B7EC8C82BA40CEA0076F873 /* SearchScene */,
				0B1F83ED2B99936F00CBF4DE /* MapScene */,
				0B1F84032B9993DE00CBF4DE /* Base */,
				0B1F83F92B9993C000CBF4DE /* TabScene */,
			);
			path = Scene;
			sourceTree = "<group>";
		};
		0B1F83ED2B99936F00CBF4DE /* MapScene */ = {
			isa = PBXGroup;
			children = (
				0B7EC8B52BA178050076F873 /* ViewModel */,
				0B1F83EF2B99937A00CBF4DE /* ViewController */,
				0B1F83EE2B99937700CBF4DE /* View */,
			);
			path = MapScene;
			sourceTree = "<group>";
		};
		0B1F83EE2B99937700CBF4DE /* View */ = {
			isa = PBXGroup;
			children = (
				0B7EC8C22BA2BBB70076F873 /* MapTapInfoView.swift */,
				0B7EC8B82BA178D20076F873 /* MapView.swift */,
			);
			path = View;
			sourceTree = "<group>";
		};
		0B1F83EF2B99937A00CBF4DE /* ViewController */ = {
			isa = PBXGroup;
			children = (
				0B7EC8B62BA178100076F873 /* MapViewController.swift */,
			);
			path = ViewController;
			sourceTree = "<group>";
		};
		0B1F83F92B9993C000CBF4DE /* TabScene */ = {
			isa = PBXGroup;
			children = (
				0B1F83F82B9993C000CBF4DE /* TabbarViewController.swift */,
			);
			path = TabScene;
			sourceTree = "<group>";
		};
		0B1F84032B9993DE00CBF4DE /* Base */ = {
			isa = PBXGroup;
			children = (
				0B1F83FF2B9993DE00CBF4DE /* BaseCollectionViewCell.swift */,
				0B1F84002B9993DE00CBF4DE /* BaseTableViewCell.swift */,
				0B1F84012B9993DE00CBF4DE /* BaseUIView.swift */,
				0B1F84022B9993DE00CBF4DE /* BaseViewController.swift */,
			);
			path = Base;
			sourceTree = "<group>";
		};
		0B1F84202B9AE9DF00CBF4DE /* Service */ = {
			isa = PBXGroup;
			children = (
				0B7EC8EC2BA7491E0076F873 /* Realm */,
				0B7EC8BD2BA181D40076F873 /* Observable */,
				0B1F84222B9AE9E500CBF4DE /* API */,
			);
			path = Service;
			sourceTree = "<group>";
		};
		0B1F84222B9AE9E500CBF4DE /* API */ = {
			isa = PBXGroup;
			children = (
				0B1F84242B9AEA1200CBF4DE /* RequestManager.swift */,
				0B1F84262B9AEA1F00CBF4DE /* APIkind.swift */,
				0B7EC8B32BA176BA0076F873 /* APIkeys.swift */,
			);
			path = API;
			sourceTree = "<group>";
		};
		0B1F84232B9AE9EC00CBF4DE /* Model */ = {
			isa = PBXGroup;
			children = (
				0BA76E692BA9766600798E44 /* DataPassing */,
				0B7EC8E32BA714280076F873 /* API */,
				0B1F84282B9BF39700CBF4DE /* Realm */,
			);
			path = Model;
			sourceTree = "<group>";
		};
		0B1F84282B9BF39700CBF4DE /* Realm */ = {
			isa = PBXGroup;
			children = (
				0B1F842A2B9BF3A400CBF4DE /* RealEstateProperty.swift */,
				0BCD87BE2B9C36BF0018F06B /* CheckList.swift */,
				0B019BAF2BAF0B1C00E89BB4 /* AroundFacilitie.swift */,
				0BCD87C22B9C36EC0018F06B /* Folder.swift */,
				0B7EC8EA2BA747400076F873 /* SearchHistory.swift */,
			);
			path = Realm;
			sourceTree = "<group>";
		};
		0B7EC8B52BA178050076F873 /* ViewModel */ = {
			isa = PBXGroup;
			children = (
				0B7EC8BA2BA1814A0076F873 /* MapViewModel.swift */,
			);
			path = ViewModel;
			sourceTree = "<group>";
		};
		0B7EC8BD2BA181D40076F873 /* Observable */ = {
			isa = PBXGroup;
			children = (
				0B7EC8BC2BA181D40076F873 /* Observable.swift */,
			);
			path = Observable;
			sourceTree = "<group>";
		};
		0B7EC8C82BA40CEA0076F873 /* SearchScene */ = {
			isa = PBXGroup;
			children = (
				0B7EC8C92BA40CFA0076F873 /* View */,
				0B7EC8DE2BA55AD70076F873 /* Cell */,
				0B7EC8CB2BA40D030076F873 /* ViewController */,
				0B7EC8CA2BA40CFE0076F873 /* ViewModel */,
			);
			path = SearchScene;
			sourceTree = "<group>";
		};
		0B7EC8C92BA40CFA0076F873 /* View */ = {
			isa = PBXGroup;
			children = (
				0B7EC8CF2BA40D460076F873 /* SearchView.swift */,
			);
			path = View;
			sourceTree = "<group>";
		};
		0B7EC8CA2BA40CFE0076F873 /* ViewModel */ = {
			isa = PBXGroup;
			children = (
				0B7EC8D92BA4169B0076F873 /* SearchViewModel.swift */,
			);
			path = ViewModel;
			sourceTree = "<group>";
		};
		0B7EC8CB2BA40D030076F873 /* ViewController */ = {
			isa = PBXGroup;
			children = (
				0B7EC8CD2BA40D150076F873 /* SearchViewController.swift */,
			);
			path = ViewController;
			sourceTree = "<group>";
		};
		0B7EC8D12BA411400076F873 /* Extension */ = {
			isa = PBXGroup;
			children = (
				0B7EC8D22BA4115B0076F873 /* DeleteBackButton+Extension.swift */,
				0BA76E432BA754C000798E44 /* DateFormatter+Extension.swift */,
				0BA76EA72BADC93600798E44 /* UserDefaults+Extension.swift */,
			);
			path = Extension;
			sourceTree = "<group>";
		};
		0B7EC8DB2BA426230076F873 /* Font */ = {
			isa = PBXGroup;
			children = (
				0B7EC8DC2BA4264E0076F873 /* JalnanGothic.otf */,
			);
			path = Font;
			sourceTree = "<group>";
		};
		0B7EC8DE2BA55AD70076F873 /* Cell */ = {
			isa = PBXGroup;
			children = (
				0B7EC8DF2BA55AE40076F873 /* SearchHistoryTableViewCell.swift */,
			);
			path = Cell;
			sourceTree = "<group>";
		};
		0B7EC8E32BA714280076F873 /* API */ = {
			isa = PBXGroup;
			children = (
				0B7EC8E42BA714390076F873 /* KakaoSearchModel.swift */,
				0BA76E5E2BA9165F00798E44 /* NaverReverseGeocodingModel.swift */,
				0BA76E672BA9638900798E44 /* NaverGeocodingModel.swift */,
			);
			path = API;
			sourceTree = "<group>";
		};
		0B7EC8E62BA714910076F873 /* Enum */ = {
			isa = PBXGroup;
			children = (
				0B7EC8E72BA714AE0076F873 /* PlaceType.swift */,
				0BA76E882BABBB5E00798E44 /* SettingCase.swift */,
				0BA76E952BADAD7700798E44 /* CheckListType.swift */,
				0B019BB12BB0096A00E89BB4 /* AddEditType.swift */,
			);
			path = Enum;
			sourceTree = "<group>";
		};
		0B7EC8EC2BA7491E0076F873 /* Realm */ = {
			isa = PBXGroup;
			children = (
				0B7EC8ED2BA749460076F873 /* RealmDataManager.swift */,
			);
			path = Realm;
			sourceTree = "<group>";
		};
		0BA76E512BA8070500798E44 /* AddEditScene */ = {
			isa = PBXGroup;
			children = (
				0BA76E532BA8075000798E44 /* ViewController */,
				0BA76E542BA8075400798E44 /* ViewModel */,
				0BA76E522BA8074E00798E44 /* View */,
			);
			path = AddEditScene;
			sourceTree = "<group>";
		};
		0BA76E522BA8074E00798E44 /* View */ = {
			isa = PBXGroup;
			children = (
				0BA76EA02BADC17600798E44 /* CheckSubView */,
				0BA76E8A2BAC19DF00798E44 /* SubView */,
				0BA76E572BA807CF00798E44 /* AddEditView.swift */,
				0BA76E6E2BAA6C5800798E44 /* DefaultInfoView.swift */,
				0BA76E702BAA6C6000798E44 /* SeperatorView.swift */,
				0BA76E722BAA6C7400798E44 /* ImageMemoView.swift */,
			);
			path = View;
			sourceTree = "<group>";
		};
		0BA76E532BA8075000798E44 /* ViewController */ = {
			isa = PBXGroup;
			children = (
				0BA76E9F2BADBE2200798E44 /* CheckList */,
				0BA76E552BA8078700798E44 /* AddEditViewController.swift */,
			);
			path = ViewController;
			sourceTree = "<group>";
		};
		0BA76E542BA8075400798E44 /* ViewModel */ = {
			isa = PBXGroup;
			children = (
				0BA76E6C2BAA592700798E44 /* AddEditViewModel.swift */,
			);
			path = ViewModel;
			sourceTree = "<group>";
		};
		0BA76E692BA9766600798E44 /* DataPassing */ = {
			isa = PBXGroup;
			children = (
				0BA76E6A2BA9767D00798E44 /* SearchToMapDataPassingModel.swift */,
			);
			path = DataPassing;
			sourceTree = "<group>";
		};
		0BA76E8A2BAC19DF00798E44 /* SubView */ = {
			isa = PBXGroup;
			children = (
				0BA76E822BAAC51300798E44 /* AddEditHoshiTextField.swift */,
				0BA76E842BAB1E4F00798E44 /* InfoLabel.swift */,
				0BA76E862BABB78100798E44 /* ImageSelectView.swift */,
			);
			path = SubView;
			sourceTree = "<group>";
		};
		0BA76E9F2BADBE2200798E44 /* CheckList */ = {
			isa = PBXGroup;
			children = (
				0B019BA92BAEC54600E89BB4 /* BottomSheetViewController.swift */,
				0BA76E9A2BADB2D000798E44 /* InsideCheckViewController.swift */,
				0BA76E742BAA6C8E00798E44 /* CheckListViewController.swift */,
				0B019BAB2BAEC67100E89BB4 /* SchoolCheckViewController.swift */,
				0B019BAD2BAEC7A100E89BB4 /* EnviromentCheckViewController.swift */,
			);
			path = CheckList;
			sourceTree = "<group>";
		};
		0BA76EA02BADC17600798E44 /* CheckSubView */ = {
			isa = PBXGroup;
			children = (
				0BA76EA12BADC1AF00798E44 /* SelectCheckView.swift */,
				0BA76EA32BADC22E00798E44 /* TextCheckView.swift */,
				0BA76EA52BADC6A200798E44 /* CheckButton.swift */,
			);
			path = CheckSubView;
			sourceTree = "<group>";
		};
		0BA76EA92BADC9C900798E44 /* OnboardingScene */ = {
			isa = PBXGroup;
			children = (
				0B019C3F2BB552E700E89BB4 /* ViewModel */,
				0BA76EAF2BADCA0200798E44 /* View */,
				0BA76EAC2BADC9DD00798E44 /* ViewController */,
			);
			path = OnboardingScene;
			sourceTree = "<group>";
		};
		0BA76EAC2BADC9DD00798E44 /* ViewController */ = {
			isa = PBXGroup;
			children = (
				0BA76EAD2BADC9EB00798E44 /* OnboardingViewController.swift */,
			);
			path = ViewController;
			sourceTree = "<group>";
		};
		0BA76EAF2BADCA0200798E44 /* View */ = {
			isa = PBXGroup;
			children = (
				0BA76EB22BADCEEA00798E44 /* OnboardingStackView.swift */,
				0B019C422BB5598200E89BB4 /* OnboardingView.swift */,
			);
			path = View;
			sourceTree = "<group>";
		};
		A963362B8451B0179290BFF4 /* Frameworks */ = {
			isa = PBXGroup;
			children = (
				0F06748343C356730A920C69 /* Pods_BuyingMyHome.framework */,
			);
			name = Frameworks;
			sourceTree = "<group>";
		};
		E5709D2B600757E666DF5EC5 /* Pods */ = {
			isa = PBXGroup;
			children = (
				B08E652CE83D145625B1B28A /* Pods-BuyingMyHome.debug.xcconfig */,
				19ABA9AD7E594DEC066D4D13 /* Pods-BuyingMyHome.release.xcconfig */,
			);
			path = Pods;
			sourceTree = "<group>";
		};
/* End PBXGroup section */

/* Begin PBXNativeTarget section */
		0B1F83D02B99838500CBF4DE /* BuyingMyHome */ = {
			isa = PBXNativeTarget;
			buildConfigurationList = 0B1F83E52B99838800CBF4DE /* Build configuration list for PBXNativeTarget "BuyingMyHome" */;
			buildPhases = (
				49CE677B5161256194FC7A71 /* [CP] Check Pods Manifest.lock */,
				0B1F83CD2B99838500CBF4DE /* Sources */,
				0B1F83CE2B99838500CBF4DE /* Frameworks */,
				0B1F83CF2B99838500CBF4DE /* Resources */,
				AE923669C161BE6A96E09ECA /* [CP] Embed Pods Frameworks */,
			);
			buildRules = (
			);
			dependencies = (
			);
			name = BuyingMyHome;
			packageProductDependencies = (
				0B1F840B2B99944E00CBF4DE /* SnapKit */,
				0B1F840E2B99948200CBF4DE /* Realm */,
				0B1F84102B99948200CBF4DE /* RealmSwift */,
				0B1F84132B99949200CBF4DE /* Alamofire */,
				0B1F84162B99949B00CBF4DE /* Toast */,
				0B1F84192B9994A300CBF4DE /* Kingfisher */,
				0B1F841C2B9994B300CBF4DE /* TextFieldEffects */,
				0BA76E462BA7CE1500798E44 /* FirebaseAnalyticsWithoutAdIdSupport */,
				0BA76E482BA7CE1500798E44 /* FirebaseCrashlytics */,
				0BA76E4A2BA7CE1500798E44 /* FirebaseMessaging */,
				0BA76E5A2BA8084400798E44 /* Tabman */,
				0B019C3B2BB552A200E89BB4 /* RxCocoa */,
				0B019C3D2BB552A200E89BB4 /* RxSwift */,
			);
			productName = BuyingMyHome;
			productReference = 0B1F83D12B99838500CBF4DE /* BuyingMyHome.app */;
			productType = "com.apple.product-type.application";
		};
/* End PBXNativeTarget section */

/* Begin PBXProject section */
		0B1F83C92B99838500CBF4DE /* Project object */ = {
			isa = PBXProject;
			attributes = {
				BuildIndependentTargetsInParallel = 1;
				LastSwiftUpdateCheck = 1530;
				LastUpgradeCheck = 1530;
				TargetAttributes = {
					0B1F83D02B99838500CBF4DE = {
						CreatedOnToolsVersion = 15.3;
					};
				};
			};
			buildConfigurationList = 0B1F83CC2B99838500CBF4DE /* Build configuration list for PBXProject "BuyingMyHome" */;
			compatibilityVersion = "Xcode 14.0";
			developmentRegion = ko;
			hasScannedForEncodings = 0;
			knownRegions = (
				Base,
				ko,
			);
			mainGroup = 0B1F83C82B99838500CBF4DE;
			packageReferences = (
				0B1F840A2B99944E00CBF4DE /* XCRemoteSwiftPackageReference "SnapKit" */,
				0B1F840D2B99948200CBF4DE /* XCRemoteSwiftPackageReference "realm-swift" */,
				0B1F84122B99949200CBF4DE /* XCRemoteSwiftPackageReference "Alamofire" */,
				0B1F84152B99949B00CBF4DE /* XCRemoteSwiftPackageReference "Toast-Swift" */,
				0B1F84182B9994A300CBF4DE /* XCRemoteSwiftPackageReference "Kingfisher" */,
				0B1F841B2B9994B300CBF4DE /* XCRemoteSwiftPackageReference "TextFieldEffects" */,
				0BA76E452BA7CE1500798E44 /* XCRemoteSwiftPackageReference "firebase-ios-sdk" */,
				0BA76E592BA8084400798E44 /* XCRemoteSwiftPackageReference "Tabman" */,
				0B019C3A2BB552A200E89BB4 /* XCRemoteSwiftPackageReference "RxSwift" */,
			);
			productRefGroup = 0B1F83D22B99838500CBF4DE /* Products */;
			projectDirPath = "";
			projectRoot = "";
			targets = (
				0B1F83D02B99838500CBF4DE /* BuyingMyHome */,
			);
		};
/* End PBXProject section */

/* Begin PBXResourcesBuildPhase section */
		0B1F83CF2B99838500CBF4DE /* Resources */ = {
			isa = PBXResourcesBuildPhase;
			buildActionMask = 2147483647;
			files = (
				0B1F83DE2B99838800CBF4DE /* Assets.xcassets in Resources */,
				0B7EC8DD2BA4264E0076F873 /* JalnanGothic.otf in Resources */,
				0BA76E502BA7CF7B00798E44 /* GoogleService-Info.plist in Resources */,
				0B1F83E92B99860C00CBF4DE /* .gitignore in Resources */,
				0B1F83E12B99838800CBF4DE /* Base in Resources */,
			);
			runOnlyForDeploymentPostprocessing = 0;
		};
/* End PBXResourcesBuildPhase section */

/* Begin PBXShellScriptBuildPhase section */
		49CE677B5161256194FC7A71 /* [CP] Check Pods Manifest.lock */ = {
			isa = PBXShellScriptBuildPhase;
			buildActionMask = 2147483647;
			files = (
			);
			inputFileListPaths = (
			);
			inputPaths = (
				"${PODS_PODFILE_DIR_PATH}/Podfile.lock",
				"${PODS_ROOT}/Manifest.lock",
			);
			name = "[CP] Check Pods Manifest.lock";
			outputFileListPaths = (
			);
			outputPaths = (
				"$(DERIVED_FILE_DIR)/Pods-BuyingMyHome-checkManifestLockResult.txt",
			);
			runOnlyForDeploymentPostprocessing = 0;
			shellPath = /bin/sh;
			shellScript = "diff \"${PODS_PODFILE_DIR_PATH}/Podfile.lock\" \"${PODS_ROOT}/Manifest.lock\" > /dev/null\nif [ $? != 0 ] ; then\n    # print error to STDERR\n    echo \"error: The sandbox is not in sync with the Podfile.lock. Run 'pod install' or update your CocoaPods installation.\" >&2\n    exit 1\nfi\n# This output is used by Xcode 'outputs' to avoid re-running this script phase.\necho \"SUCCESS\" > \"${SCRIPT_OUTPUT_FILE_0}\"\n";
			showEnvVarsInLog = 0;
		};
		AE923669C161BE6A96E09ECA /* [CP] Embed Pods Frameworks */ = {
			isa = PBXShellScriptBuildPhase;
			buildActionMask = 2147483647;
			files = (
			);
			inputFileListPaths = (
				"${PODS_ROOT}/Target Support Files/Pods-BuyingMyHome/Pods-BuyingMyHome-frameworks-${CONFIGURATION}-input-files.xcfilelist",
			);
			name = "[CP] Embed Pods Frameworks";
			outputFileListPaths = (
				"${PODS_ROOT}/Target Support Files/Pods-BuyingMyHome/Pods-BuyingMyHome-frameworks-${CONFIGURATION}-output-files.xcfilelist",
			);
			runOnlyForDeploymentPostprocessing = 0;
			shellPath = /bin/sh;
			shellScript = "\"${PODS_ROOT}/Target Support Files/Pods-BuyingMyHome/Pods-BuyingMyHome-frameworks.sh\"\n";
			showEnvVarsInLog = 0;
		};
/* End PBXShellScriptBuildPhase section */

/* Begin PBXSourcesBuildPhase section */
		0B1F83CD2B99838500CBF4DE /* Sources */ = {
			isa = PBXSourcesBuildPhase;
			buildActionMask = 2147483647;
			files = (
				0BA76E6D2BAA592700798E44 /* AddEditViewModel.swift in Sources */,
				0B7EC8BE2BA181D40076F873 /* Observable.swift in Sources */,
				0B7EC8B42BA176BA0076F873 /* APIkeys.swift in Sources */,
				0B019BB22BB0096A00E89BB4 /* AddEditType.swift in Sources */,
				0BA76E752BAA6C8E00798E44 /* CheckListViewController.swift in Sources */,
				0BCD87BF2B9C36BF0018F06B /* CheckList.swift in Sources */,
				0B1F83FE2B9993C000CBF4DE /* TabbarViewController.swift in Sources */,
				0B7EC8E82BA714AE0076F873 /* PlaceType.swift in Sources */,
				0B7EC8E02BA55AE40076F873 /* SearchHistoryTableViewCell.swift in Sources */,
				0BA76E5F2BA9165F00798E44 /* NaverReverseGeocodingModel.swift in Sources */,
				0B1F84042B9993DF00CBF4DE /* BaseCollectionViewCell.swift in Sources */,
				0BA76E9B2BADB2D000798E44 /* InsideCheckViewController.swift in Sources */,
				0B019BAC2BAEC67100E89BB4 /* SchoolCheckViewController.swift in Sources */,
				0B1F83D52B99838500CBF4DE /* AppDelegate.swift in Sources */,
				0BA76E682BA9638900798E44 /* NaverGeocodingModel.swift in Sources */,
				0BA76E6F2BAA6C5800798E44 /* DefaultInfoView.swift in Sources */,
				0B019BB02BAF0B1C00E89BB4 /* AroundFacilitie.swift in Sources */,
				0BA76E442BA754C000798E44 /* DateFormatter+Extension.swift in Sources */,
				0BA76EA42BADC22E00798E44 /* TextCheckView.swift in Sources */,
				0B1F84272B9AEA1F00CBF4DE /* APIkind.swift in Sources */,
				0BA76EA62BADC6A200798E44 /* CheckButton.swift in Sources */,
				0B7EC8EB2BA747400076F873 /* SearchHistory.swift in Sources */,
				0B019BAA2BAEC54600E89BB4 /* BottomSheetViewController.swift in Sources */,
				0BA76EB32BADCEEA00798E44 /* OnboardingStackView.swift in Sources */,
				0B019BAE2BAEC7A100E89BB4 /* EnviromentCheckViewController.swift in Sources */,
				0B7EC8C32BA2BBB70076F873 /* MapTapInfoView.swift in Sources */,
				0BA76E562BA8078700798E44 /* AddEditViewController.swift in Sources */,
				0B1F842B2B9BF3A400CBF4DE /* RealEstateProperty.swift in Sources */,
				0B7EC8D02BA40D460076F873 /* SearchView.swift in Sources */,
				0B019C432BB5598200E89BB4 /* OnboardingView.swift in Sources */,
				0B7EC8CE2BA40D150076F873 /* SearchViewController.swift in Sources */,
				0B7EC8D32BA4115B0076F873 /* DeleteBackButton+Extension.swift in Sources */,
				0B019C412BB552F800E89BB4 /* OnboardingViewModel.swift in Sources */,
				0B7EC8B92BA178D20076F873 /* MapView.swift in Sources */,
				0BA76EA22BADC1AF00798E44 /* SelectCheckView.swift in Sources */,
				0BA76E852BAB1E4F00798E44 /* InfoLabel.swift in Sources */,
				0BA76E872BABB78100798E44 /* ImageSelectView.swift in Sources */,
				0BA76E892BABBB5E00798E44 /* SettingCase.swift in Sources */,
				0B1F84252B9AEA1200CBF4DE /* RequestManager.swift in Sources */,
				0B1F84072B9993DF00CBF4DE /* BaseViewController.swift in Sources */,
				0BA76EAE2BADC9EB00798E44 /* OnboardingViewController.swift in Sources */,
				0B7EC8EE2BA749460076F873 /* RealmDataManager.swift in Sources */,
				0BA76E582BA807CF00798E44 /* AddEditView.swift in Sources */,
				0BA76E962BADAD7700798E44 /* CheckListType.swift in Sources */,
				0BA76E832BAAC51300798E44 /* AddEditHoshiTextField.swift in Sources */,
				0BA76E732BAA6C7400798E44 /* ImageMemoView.swift in Sources */,
				0B7EC8E52BA714390076F873 /* KakaoSearchModel.swift in Sources */,
				0BCD87C32B9C36EC0018F06B /* Folder.swift in Sources */,
				0B1F83D72B99838500CBF4DE /* SceneDelegate.swift in Sources */,
				0BA76E712BAA6C6000798E44 /* SeperatorView.swift in Sources */,
				0BA76E6B2BA9767D00798E44 /* SearchToMapDataPassingModel.swift in Sources */,
				0B1F84062B9993DF00CBF4DE /* BaseUIView.swift in Sources */,
				0B1F84052B9993DF00CBF4DE /* BaseTableViewCell.swift in Sources */,
				0B7EC8DA2BA4169B0076F873 /* SearchViewModel.swift in Sources */,
				0B7EC8B72BA178100076F873 /* MapViewController.swift in Sources */,
				0BA76EA82BADC93600798E44 /* UserDefaults+Extension.swift in Sources */,
				0B7EC8BB2BA1814A0076F873 /* MapViewModel.swift in Sources */,
				0B019BB82BB0390200E89BB4 /* ArchiveViewController.swift in Sources */,
			);
			runOnlyForDeploymentPostprocessing = 0;
		};
/* End PBXSourcesBuildPhase section */

/* Begin PBXVariantGroup section */
		0B1F83DF2B99838800CBF4DE /* LaunchScreen.storyboard */ = {
			isa = PBXVariantGroup;
			children = (
				0B1F83E02B99838800CBF4DE /* Base */,
				0B019BB92BB115F700E89BB4 /* ko */,
			);
			name = LaunchScreen.storyboard;
			sourceTree = "<group>";
		};
/* End PBXVariantGroup section */

/* Begin XCBuildConfiguration section */
		0B1F83E32B99838800CBF4DE /* Debug */ = {
			isa = XCBuildConfiguration;
			buildSettings = {
				ALWAYS_SEARCH_USER_PATHS = NO;
				ASSETCATALOG_COMPILER_GENERATE_SWIFT_ASSET_SYMBOL_EXTENSIONS = YES;
				CLANG_ANALYZER_LOCALIZABILITY_NONLOCALIZED = YES;
				CLANG_ANALYZER_NONNULL = YES;
				CLANG_ANALYZER_NUMBER_OBJECT_CONVERSION = YES_AGGRESSIVE;
				CLANG_CXX_LANGUAGE_STANDARD = "gnu++20";
				CLANG_ENABLE_MODULES = YES;
				CLANG_ENABLE_OBJC_ARC = YES;
				CLANG_ENABLE_OBJC_WEAK = YES;
				CLANG_WARN_BLOCK_CAPTURE_AUTORELEASING = YES;
				CLANG_WARN_BOOL_CONVERSION = YES;
				CLANG_WARN_COMMA = YES;
				CLANG_WARN_CONSTANT_CONVERSION = YES;
				CLANG_WARN_DEPRECATED_OBJC_IMPLEMENTATIONS = YES;
				CLANG_WARN_DIRECT_OBJC_ISA_USAGE = YES_ERROR;
				CLANG_WARN_DOCUMENTATION_COMMENTS = YES;
				CLANG_WARN_EMPTY_BODY = YES;
				CLANG_WARN_ENUM_CONVERSION = YES;
				CLANG_WARN_INFINITE_RECURSION = YES;
				CLANG_WARN_INT_CONVERSION = YES;
				CLANG_WARN_NON_LITERAL_NULL_CONVERSION = YES;
				CLANG_WARN_OBJC_IMPLICIT_RETAIN_SELF = YES;
				CLANG_WARN_OBJC_LITERAL_CONVERSION = YES;
				CLANG_WARN_OBJC_ROOT_CLASS = YES_ERROR;
				CLANG_WARN_QUOTED_INCLUDE_IN_FRAMEWORK_HEADER = YES;
				CLANG_WARN_RANGE_LOOP_ANALYSIS = YES;
				CLANG_WARN_STRICT_PROTOTYPES = YES;
				CLANG_WARN_SUSPICIOUS_MOVE = YES;
				CLANG_WARN_UNGUARDED_AVAILABILITY = YES_AGGRESSIVE;
				CLANG_WARN_UNREACHABLE_CODE = YES;
				CLANG_WARN__DUPLICATE_METHOD_MATCH = YES;
				COPY_PHASE_STRIP = NO;
				DEBUG_INFORMATION_FORMAT = dwarf;
				ENABLE_STRICT_OBJC_MSGSEND = YES;
				ENABLE_TESTABILITY = YES;
				ENABLE_USER_SCRIPT_SANDBOXING = YES;
				ENABLE_USER_SELECTED_FILES = "";
				GCC_C_LANGUAGE_STANDARD = gnu17;
				GCC_DYNAMIC_NO_PIC = NO;
				GCC_NO_COMMON_BLOCKS = YES;
				GCC_OPTIMIZATION_LEVEL = 0;
				GCC_PREPROCESSOR_DEFINITIONS = (
					"DEBUG=1",
					"$(inherited)",
				);
				GCC_WARN_64_TO_32_BIT_CONVERSION = YES;
				GCC_WARN_ABOUT_RETURN_TYPE = YES_ERROR;
				GCC_WARN_UNDECLARED_SELECTOR = YES;
				GCC_WARN_UNINITIALIZED_AUTOS = YES_AGGRESSIVE;
				GCC_WARN_UNUSED_FUNCTION = YES;
				GCC_WARN_UNUSED_VARIABLE = YES;
				IPHONEOS_DEPLOYMENT_TARGET = 17.4;
				LOCALIZATION_PREFERS_STRING_CATALOGS = YES;
				MTL_ENABLE_DEBUG_INFO = INCLUDE_SOURCE;
				MTL_FAST_MATH = YES;
				ONLY_ACTIVE_ARCH = YES;
				SDKROOT = iphoneos;
				SWIFT_ACTIVE_COMPILATION_CONDITIONS = "DEBUG $(inherited)";
				SWIFT_OPTIMIZATION_LEVEL = "-Onone";
			};
			name = Debug;
		};
		0B1F83E42B99838800CBF4DE /* Release */ = {
			isa = XCBuildConfiguration;
			buildSettings = {
				ALWAYS_SEARCH_USER_PATHS = NO;
				ASSETCATALOG_COMPILER_GENERATE_SWIFT_ASSET_SYMBOL_EXTENSIONS = YES;
				CLANG_ANALYZER_LOCALIZABILITY_NONLOCALIZED = YES;
				CLANG_ANALYZER_NONNULL = YES;
				CLANG_ANALYZER_NUMBER_OBJECT_CONVERSION = YES_AGGRESSIVE;
				CLANG_CXX_LANGUAGE_STANDARD = "gnu++20";
				CLANG_ENABLE_MODULES = YES;
				CLANG_ENABLE_OBJC_ARC = YES;
				CLANG_ENABLE_OBJC_WEAK = YES;
				CLANG_WARN_BLOCK_CAPTURE_AUTORELEASING = YES;
				CLANG_WARN_BOOL_CONVERSION = YES;
				CLANG_WARN_COMMA = YES;
				CLANG_WARN_CONSTANT_CONVERSION = YES;
				CLANG_WARN_DEPRECATED_OBJC_IMPLEMENTATIONS = YES;
				CLANG_WARN_DIRECT_OBJC_ISA_USAGE = YES_ERROR;
				CLANG_WARN_DOCUMENTATION_COMMENTS = YES;
				CLANG_WARN_EMPTY_BODY = YES;
				CLANG_WARN_ENUM_CONVERSION = YES;
				CLANG_WARN_INFINITE_RECURSION = YES;
				CLANG_WARN_INT_CONVERSION = YES;
				CLANG_WARN_NON_LITERAL_NULL_CONVERSION = YES;
				CLANG_WARN_OBJC_IMPLICIT_RETAIN_SELF = YES;
				CLANG_WARN_OBJC_LITERAL_CONVERSION = YES;
				CLANG_WARN_OBJC_ROOT_CLASS = YES_ERROR;
				CLANG_WARN_QUOTED_INCLUDE_IN_FRAMEWORK_HEADER = YES;
				CLANG_WARN_RANGE_LOOP_ANALYSIS = YES;
				CLANG_WARN_STRICT_PROTOTYPES = YES;
				CLANG_WARN_SUSPICIOUS_MOVE = YES;
				CLANG_WARN_UNGUARDED_AVAILABILITY = YES_AGGRESSIVE;
				CLANG_WARN_UNREACHABLE_CODE = YES;
				CLANG_WARN__DUPLICATE_METHOD_MATCH = YES;
				COPY_PHASE_STRIP = NO;
				DEBUG_INFORMATION_FORMAT = "dwarf-with-dsym";
				ENABLE_NS_ASSERTIONS = NO;
				ENABLE_STRICT_OBJC_MSGSEND = YES;
				ENABLE_USER_SCRIPT_SANDBOXING = YES;
				ENABLE_USER_SELECTED_FILES = "";
				GCC_C_LANGUAGE_STANDARD = gnu17;
				GCC_NO_COMMON_BLOCKS = YES;
				GCC_WARN_64_TO_32_BIT_CONVERSION = YES;
				GCC_WARN_ABOUT_RETURN_TYPE = YES_ERROR;
				GCC_WARN_UNDECLARED_SELECTOR = YES;
				GCC_WARN_UNINITIALIZED_AUTOS = YES_AGGRESSIVE;
				GCC_WARN_UNUSED_FUNCTION = YES;
				GCC_WARN_UNUSED_VARIABLE = YES;
				IPHONEOS_DEPLOYMENT_TARGET = 17.4;
				LOCALIZATION_PREFERS_STRING_CATALOGS = YES;
				MTL_ENABLE_DEBUG_INFO = NO;
				MTL_FAST_MATH = YES;
				SDKROOT = iphoneos;
				SWIFT_COMPILATION_MODE = wholemodule;
				VALIDATE_PRODUCT = YES;
			};
			name = Release;
		};
		0B1F83E62B99838800CBF4DE /* Debug */ = {
			isa = XCBuildConfiguration;
			baseConfigurationReference = B08E652CE83D145625B1B28A /* Pods-BuyingMyHome.debug.xcconfig */;
			buildSettings = {
				ASSETCATALOG_COMPILER_APPICON_NAME = AppIcon;
				ASSETCATALOG_COMPILER_GLOBAL_ACCENT_COLOR_NAME = AccentColor;
				CODE_SIGN_STYLE = Automatic;
				CURRENT_PROJECT_VERSION = 1;
				DEVELOPMENT_TEAM = Y7F2ZW9QG3;
				ENABLE_USER_SCRIPT_SANDBOXING = NO;
				ENABLE_USER_SELECTED_FILES = "";
				GENERATE_INFOPLIST_FILE = YES;
				INFOPLIST_FILE = BuyingMyHome/Info.plist;
				INFOPLIST_KEY_CFBundleDisplayName = "내집마련";
				INFOPLIST_KEY_UIApplicationSupportsIndirectInputEvents = YES;
				INFOPLIST_KEY_UILaunchStoryboardName = LaunchScreen;
				INFOPLIST_KEY_UISupportedInterfaceOrientations = UIInterfaceOrientationPortrait;
				INFOPLIST_KEY_UISupportedInterfaceOrientations_iPad = "UIInterfaceOrientationLandscapeLeft UIInterfaceOrientationLandscapeRight UIInterfaceOrientationPortrait UIInterfaceOrientationPortraitUpsideDown";
				INFOPLIST_KEY_UIUserInterfaceStyle = Light;
				IPHONEOS_DEPLOYMENT_TARGET = 16.0;
				LD_RUNPATH_SEARCH_PATHS = (
					"$(inherited)",
					"@executable_path/Frameworks",
				);
				MARKETING_VERSION = 1.0.2;
				PRODUCT_BUNDLE_IDENTIFIER = Yoo.BuyingMyHome;
				PRODUCT_NAME = "$(TARGET_NAME)";
				SUPPORTED_PLATFORMS = "iphoneos iphonesimulator";
				SUPPORTS_MACCATALYST = NO;
				SUPPORTS_MAC_DESIGNED_FOR_IPHONE_IPAD = NO;
				SUPPORTS_XR_DESIGNED_FOR_IPHONE_IPAD = NO;
				SWIFT_EMIT_LOC_STRINGS = YES;
				SWIFT_VERSION = 5.0;
				TARGETED_DEVICE_FAMILY = 1;
			};
			name = Debug;
		};
		0B1F83E72B99838800CBF4DE /* Release */ = {
			isa = XCBuildConfiguration;
			baseConfigurationReference = 19ABA9AD7E594DEC066D4D13 /* Pods-BuyingMyHome.release.xcconfig */;
			buildSettings = {
				ASSETCATALOG_COMPILER_APPICON_NAME = AppIcon;
				ASSETCATALOG_COMPILER_GLOBAL_ACCENT_COLOR_NAME = AccentColor;
				CODE_SIGN_STYLE = Automatic;
				CURRENT_PROJECT_VERSION = 1;
				DEVELOPMENT_TEAM = Y7F2ZW9QG3;
				ENABLE_USER_SCRIPT_SANDBOXING = NO;
				ENABLE_USER_SELECTED_FILES = "";
				GENERATE_INFOPLIST_FILE = YES;
				INFOPLIST_FILE = BuyingMyHome/Info.plist;
				INFOPLIST_KEY_CFBundleDisplayName = "내집마련";
				INFOPLIST_KEY_UIApplicationSupportsIndirectInputEvents = YES;
				INFOPLIST_KEY_UILaunchStoryboardName = LaunchScreen;
				INFOPLIST_KEY_UISupportedInterfaceOrientations = UIInterfaceOrientationPortrait;
				INFOPLIST_KEY_UISupportedInterfaceOrientations_iPad = "UIInterfaceOrientationLandscapeLeft UIInterfaceOrientationLandscapeRight UIInterfaceOrientationPortrait UIInterfaceOrientationPortraitUpsideDown";
				INFOPLIST_KEY_UIUserInterfaceStyle = Light;
				IPHONEOS_DEPLOYMENT_TARGET = 16.0;
				LD_RUNPATH_SEARCH_PATHS = (
					"$(inherited)",
					"@executable_path/Frameworks",
				);
				MARKETING_VERSION = 1.0.2;
				PRODUCT_BUNDLE_IDENTIFIER = Yoo.BuyingMyHome;
				PRODUCT_NAME = "$(TARGET_NAME)";
				SUPPORTED_PLATFORMS = "iphoneos iphonesimulator";
				SUPPORTS_MACCATALYST = NO;
				SUPPORTS_MAC_DESIGNED_FOR_IPHONE_IPAD = NO;
				SUPPORTS_XR_DESIGNED_FOR_IPHONE_IPAD = NO;
				SWIFT_EMIT_LOC_STRINGS = YES;
				SWIFT_VERSION = 5.0;
				TARGETED_DEVICE_FAMILY = 1;
			};
			name = Release;
		};
/* End XCBuildConfiguration section */

/* Begin XCConfigurationList section */
		0B1F83CC2B99838500CBF4DE /* Build configuration list for PBXProject "BuyingMyHome" */ = {
			isa = XCConfigurationList;
			buildConfigurations = (
				0B1F83E32B99838800CBF4DE /* Debug */,
				0B1F83E42B99838800CBF4DE /* Release */,
			);
			defaultConfigurationIsVisible = 0;
			defaultConfigurationName = Release;
		};
		0B1F83E52B99838800CBF4DE /* Build configuration list for PBXNativeTarget "BuyingMyHome" */ = {
			isa = XCConfigurationList;
			buildConfigurations = (
				0B1F83E62B99838800CBF4DE /* Debug */,
				0B1F83E72B99838800CBF4DE /* Release */,
			);
			defaultConfigurationIsVisible = 0;
			defaultConfigurationName = Release;
		};
/* End XCConfigurationList section */

/* Begin XCRemoteSwiftPackageReference section */
		0B019C3A2BB552A200E89BB4 /* XCRemoteSwiftPackageReference "RxSwift" */ = {
			isa = XCRemoteSwiftPackageReference;
			repositoryURL = "https://github.com/ReactiveX/RxSwift.git";
			requirement = {
				kind = upToNextMajorVersion;
				minimumVersion = 6.6.0;
			};
		};
		0B1F840A2B99944E00CBF4DE /* XCRemoteSwiftPackageReference "SnapKit" */ = {
			isa = XCRemoteSwiftPackageReference;
			repositoryURL = "https://github.com/SnapKit/SnapKit.git";
			requirement = {
				kind = upToNextMajorVersion;
				minimumVersion = 5.7.1;
			};
		};
		0B1F840D2B99948200CBF4DE /* XCRemoteSwiftPackageReference "realm-swift" */ = {
			isa = XCRemoteSwiftPackageReference;
			repositoryURL = "https://github.com/realm/realm-swift.git";
			requirement = {
				kind = upToNextMajorVersion;
				minimumVersion = 10.47.0;
			};
		};
		0B1F84122B99949200CBF4DE /* XCRemoteSwiftPackageReference "Alamofire" */ = {
			isa = XCRemoteSwiftPackageReference;
			repositoryURL = "https://github.com/Alamofire/Alamofire";
			requirement = {
				kind = upToNextMajorVersion;
				minimumVersion = 5.9.0;
			};
		};
		0B1F84152B99949B00CBF4DE /* XCRemoteSwiftPackageReference "Toast-Swift" */ = {
			isa = XCRemoteSwiftPackageReference;
			repositoryURL = "https://github.com/scalessec/Toast-Swift.git";
			requirement = {
				kind = upToNextMajorVersion;
				minimumVersion = 5.1.0;
			};
		};
		0B1F84182B9994A300CBF4DE /* XCRemoteSwiftPackageReference "Kingfisher" */ = {
			isa = XCRemoteSwiftPackageReference;
			repositoryURL = "https://github.com/onevcat/Kingfisher.git";
			requirement = {
				kind = upToNextMajorVersion;
				minimumVersion = 7.11.0;
			};
		};
		0B1F841B2B9994B300CBF4DE /* XCRemoteSwiftPackageReference "TextFieldEffects" */ = {
			isa = XCRemoteSwiftPackageReference;
			repositoryURL = "https://github.com/raulriera/TextFieldEffects.git";
			requirement = {
				kind = upToNextMajorVersion;
				minimumVersion = 1.7.0;
			};
		};
		0BA76E452BA7CE1500798E44 /* XCRemoteSwiftPackageReference "firebase-ios-sdk" */ = {
			isa = XCRemoteSwiftPackageReference;
			repositoryURL = "https://github.com/firebase/firebase-ios-sdk";
			requirement = {
				kind = upToNextMajorVersion;
				minimumVersion = 10.22.1;
			};
		};
		0BA76E592BA8084400798E44 /* XCRemoteSwiftPackageReference "Tabman" */ = {
			isa = XCRemoteSwiftPackageReference;
			repositoryURL = "https://github.com/uias/Tabman.git";
			requirement = {
				kind = upToNextMajorVersion;
				minimumVersion = 3.0.2;
			};
		};
/* End XCRemoteSwiftPackageReference section */

/* Begin XCSwiftPackageProductDependency section */
		0B019C3B2BB552A200E89BB4 /* RxCocoa */ = {
			isa = XCSwiftPackageProductDependency;
			package = 0B019C3A2BB552A200E89BB4 /* XCRemoteSwiftPackageReference "RxSwift" */;
			productName = RxCocoa;
		};
		0B019C3D2BB552A200E89BB4 /* RxSwift */ = {
			isa = XCSwiftPackageProductDependency;
			package = 0B019C3A2BB552A200E89BB4 /* XCRemoteSwiftPackageReference "RxSwift" */;
			productName = RxSwift;
		};
		0B1F840B2B99944E00CBF4DE /* SnapKit */ = {
			isa = XCSwiftPackageProductDependency;
			package = 0B1F840A2B99944E00CBF4DE /* XCRemoteSwiftPackageReference "SnapKit" */;
			productName = SnapKit;
		};
		0B1F840E2B99948200CBF4DE /* Realm */ = {
			isa = XCSwiftPackageProductDependency;
			package = 0B1F840D2B99948200CBF4DE /* XCRemoteSwiftPackageReference "realm-swift" */;
			productName = Realm;
		};
		0B1F84102B99948200CBF4DE /* RealmSwift */ = {
			isa = XCSwiftPackageProductDependency;
			package = 0B1F840D2B99948200CBF4DE /* XCRemoteSwiftPackageReference "realm-swift" */;
			productName = RealmSwift;
		};
		0B1F84132B99949200CBF4DE /* Alamofire */ = {
			isa = XCSwiftPackageProductDependency;
			package = 0B1F84122B99949200CBF4DE /* XCRemoteSwiftPackageReference "Alamofire" */;
			productName = Alamofire;
		};
		0B1F84162B99949B00CBF4DE /* Toast */ = {
			isa = XCSwiftPackageProductDependency;
			package = 0B1F84152B99949B00CBF4DE /* XCRemoteSwiftPackageReference "Toast-Swift" */;
			productName = Toast;
		};
		0B1F84192B9994A300CBF4DE /* Kingfisher */ = {
			isa = XCSwiftPackageProductDependency;
			package = 0B1F84182B9994A300CBF4DE /* XCRemoteSwiftPackageReference "Kingfisher" */;
			productName = Kingfisher;
		};
		0B1F841C2B9994B300CBF4DE /* TextFieldEffects */ = {
			isa = XCSwiftPackageProductDependency;
			package = 0B1F841B2B9994B300CBF4DE /* XCRemoteSwiftPackageReference "TextFieldEffects" */;
			productName = TextFieldEffects;
		};
		0BA76E462BA7CE1500798E44 /* FirebaseAnalyticsWithoutAdIdSupport */ = {
			isa = XCSwiftPackageProductDependency;
			package = 0BA76E452BA7CE1500798E44 /* XCRemoteSwiftPackageReference "firebase-ios-sdk" */;
			productName = FirebaseAnalyticsWithoutAdIdSupport;
		};
		0BA76E482BA7CE1500798E44 /* FirebaseCrashlytics */ = {
			isa = XCSwiftPackageProductDependency;
			package = 0BA76E452BA7CE1500798E44 /* XCRemoteSwiftPackageReference "firebase-ios-sdk" */;
			productName = FirebaseCrashlytics;
		};
		0BA76E4A2BA7CE1500798E44 /* FirebaseMessaging */ = {
			isa = XCSwiftPackageProductDependency;
			package = 0BA76E452BA7CE1500798E44 /* XCRemoteSwiftPackageReference "firebase-ios-sdk" */;
			productName = FirebaseMessaging;
		};
		0BA76E5A2BA8084400798E44 /* Tabman */ = {
			isa = XCSwiftPackageProductDependency;
			package = 0BA76E592BA8084400798E44 /* XCRemoteSwiftPackageReference "Tabman" */;
			productName = Tabman;
		};
/* End XCSwiftPackageProductDependency section */
	};
	rootObject = 0B1F83C92B99838500CBF4DE /* Project object */;
}
