// !$*UTF8*$!
{
	archiveVersion = 1;
	classes = {
	};
	objectVersion = 56;
	objects = {

/* Begin PBXBuildFile section */
		0B1F83D52B99838500CBF4DE /* AppDelegate.swift in Sources */ = {isa = PBXBuildFile; fileRef = 0B1F83D42B99838500CBF4DE /* AppDelegate.swift */; };
		0B1F83D72B99838500CBF4DE /* SceneDelegate.swift in Sources */ = {isa = PBXBuildFile; fileRef = 0B1F83D62B99838500CBF4DE /* SceneDelegate.swift */; };
		0B1F83DE2B99838800CBF4DE /* Assets.xcassets in Resources */ = {isa = PBXBuildFile; fileRef = 0B1F83DD2B99838800CBF4DE /* Assets.xcassets */; };
		0B1F83E12B99838800CBF4DE /* Base in Resources */ = {isa = PBXBuildFile; fileRef = 0B1F83E02B99838800CBF4DE /* Base */; };
		0B1F83E92B99860C00CBF4DE /* .gitignore in Resources */ = {isa = PBXBuildFile; fileRef = 0B1F83E82B99860C00CBF4DE /* .gitignore */; };
		0B1F83FE2B9993C000CBF4DE /* TabbarViewController.swift in Sources */ = {isa = PBXBuildFile; fileRef = 0B1F83F82B9993C000CBF4DE /* TabbarViewController.swift */; };
		0B1F84042B9993DF00CBF4DE /* BaseCollectionViewCell.swift in Sources */ = {isa = PBXBuildFile; fileRef = 0B1F83FF2B9993DE00CBF4DE /* BaseCollectionViewCell.swift */; };
		0B1F84052B9993DF00CBF4DE /* BaseTableViewCell.swift in Sources */ = {isa = PBXBuildFile; fileRef = 0B1F84002B9993DE00CBF4DE /* BaseTableViewCell.swift */; };
		0B1F84062B9993DF00CBF4DE /* BaseUIView.swift in Sources */ = {isa = PBXBuildFile; fileRef = 0B1F84012B9993DE00CBF4DE /* BaseUIView.swift */; };
		0B1F84072B9993DF00CBF4DE /* BaseViewController.swift in Sources */ = {isa = PBXBuildFile; fileRef = 0B1F84022B9993DE00CBF4DE /* BaseViewController.swift */; };
		0B1F840C2B99944E00CBF4DE /* SnapKit in Frameworks */ = {isa = PBXBuildFile; productRef = 0B1F840B2B99944E00CBF4DE /* SnapKit */; };
		0B1F840F2B99948200CBF4DE /* Realm in Frameworks */ = {isa = PBXBuildFile; productRef = 0B1F840E2B99948200CBF4DE /* Realm */; };
		0B1F84112B99948200CBF4DE /* RealmSwift in Frameworks */ = {isa = PBXBuildFile; productRef = 0B1F84102B99948200CBF4DE /* RealmSwift */; };
		0B1F84142B99949200CBF4DE /* Alamofire in Frameworks */ = {isa = PBXBuildFile; productRef = 0B1F84132B99949200CBF4DE /* Alamofire */; };
		0B1F84172B99949B00CBF4DE /* Toast in Frameworks */ = {isa = PBXBuildFile; productRef = 0B1F84162B99949B00CBF4DE /* Toast */; };
		0B1F841A2B9994A300CBF4DE /* Kingfisher in Frameworks */ = {isa = PBXBuildFile; productRef = 0B1F84192B9994A300CBF4DE /* Kingfisher */; };
		0B1F841D2B9994B300CBF4DE /* TextFieldEffects in Frameworks */ = {isa = PBXBuildFile; productRef = 0B1F841C2B9994B300CBF4DE /* TextFieldEffects */; };
		0B1F84252B9AEA1200CBF4DE /* RequestManager.swift in Sources */ = {isa = PBXBuildFile; fileRef = 0B1F84242B9AEA1200CBF4DE /* RequestManager.swift */; };
		0B1F84272B9AEA1F00CBF4DE /* APIkind.swift in Sources */ = {isa = PBXBuildFile; fileRef = 0B1F84262B9AEA1F00CBF4DE /* APIkind.swift */; };
		0B1F842B2B9BF3A400CBF4DE /* RealEstateProperty.swift in Sources */ = {isa = PBXBuildFile; fileRef = 0B1F842A2B9BF3A400CBF4DE /* RealEstateProperty.swift */; };
		0B7EC8B42BA176BA0076F873 /* APIkeys.swift in Sources */ = {isa = PBXBuildFile; fileRef = 0B7EC8B32BA176BA0076F873 /* APIkeys.swift */; };
		0BCD87BF2B9C36BF0018F06B /* CheckList.swift in Sources */ = {isa = PBXBuildFile; fileRef = 0BCD87BE2B9C36BF0018F06B /* CheckList.swift */; };
		0BCD87C12B9C36D50018F06B /* AroundFacilitie.swift in Sources */ = {isa = PBXBuildFile; fileRef = 0BCD87C02B9C36D50018F06B /* AroundFacilitie.swift */; };
		0BCD87C32B9C36EC0018F06B /* Folder.swift in Sources */ = {isa = PBXBuildFile; fileRef = 0BCD87C22B9C36EC0018F06B /* Folder.swift */; };
		0BDE7FFE2B9F3C41006E7DFE /* DaumZipCodeViewController.swift in Sources */ = {isa = PBXBuildFile; fileRef = 0BDE7FFD2B9F3C41006E7DFE /* DaumZipCodeViewController.swift */; };
		1D5E1270A0ABDD760C1A7D18 /* Pods_BuyingMyHome.framework in Frameworks */ = {isa = PBXBuildFile; fileRef = 0F06748343C356730A920C69 /* Pods_BuyingMyHome.framework */; };
/* End PBXBuildFile section */

/* Begin PBXFileReference section */
		0B1F83D12B99838500CBF4DE /* BuyingMyHome.app */ = {isa = PBXFileReference; explicitFileType = wrapper.application; includeInIndex = 0; path = BuyingMyHome.app; sourceTree = BUILT_PRODUCTS_DIR; };
		0B1F83D42B99838500CBF4DE /* AppDelegate.swift */ = {isa = PBXFileReference; lastKnownFileType = sourcecode.swift; path = AppDelegate.swift; sourceTree = "<group>"; };
		0B1F83D62B99838500CBF4DE /* SceneDelegate.swift */ = {isa = PBXFileReference; lastKnownFileType = sourcecode.swift; path = SceneDelegate.swift; sourceTree = "<group>"; };
		0B1F83DD2B99838800CBF4DE /* Assets.xcassets */ = {isa = PBXFileReference; lastKnownFileType = folder.assetcatalog; path = Assets.xcassets; sourceTree = "<group>"; };
		0B1F83E02B99838800CBF4DE /* Base */ = {isa = PBXFileReference; lastKnownFileType = file.storyboard; name = Base; path = Base.lproj/LaunchScreen.storyboard; sourceTree = "<group>"; };
		0B1F83E22B99838800CBF4DE /* Info.plist */ = {isa = PBXFileReference; lastKnownFileType = text.plist.xml; path = Info.plist; sourceTree = "<group>"; };
		0B1F83E82B99860C00CBF4DE /* .gitignore */ = {isa = PBXFileReference; lastKnownFileType = text; path = .gitignore; sourceTree = "<group>"; };
		0B1F83F82B9993C000CBF4DE /* TabbarViewController.swift */ = {isa = PBXFileReference; fileEncoding = 4; lastKnownFileType = sourcecode.swift; path = TabbarViewController.swift; sourceTree = "<group>"; };
		0B1F83FF2B9993DE00CBF4DE /* BaseCollectionViewCell.swift */ = {isa = PBXFileReference; fileEncoding = 4; lastKnownFileType = sourcecode.swift; path = BaseCollectionViewCell.swift; sourceTree = "<group>"; };
		0B1F84002B9993DE00CBF4DE /* BaseTableViewCell.swift */ = {isa = PBXFileReference; fileEncoding = 4; lastKnownFileType = sourcecode.swift; path = BaseTableViewCell.swift; sourceTree = "<group>"; };
		0B1F84012B9993DE00CBF4DE /* BaseUIView.swift */ = {isa = PBXFileReference; fileEncoding = 4; lastKnownFileType = sourcecode.swift; path = BaseUIView.swift; sourceTree = "<group>"; };
		0B1F84022B9993DE00CBF4DE /* BaseViewController.swift */ = {isa = PBXFileReference; fileEncoding = 4; lastKnownFileType = sourcecode.swift; path = BaseViewController.swift; sourceTree = "<group>"; };
		0B1F84242B9AEA1200CBF4DE /* RequestManager.swift */ = {isa = PBXFileReference; lastKnownFileType = sourcecode.swift; path = RequestManager.swift; sourceTree = "<group>"; };
		0B1F84262B9AEA1F00CBF4DE /* APIkind.swift */ = {isa = PBXFileReference; lastKnownFileType = sourcecode.swift; path = APIkind.swift; sourceTree = "<group>"; };
		0B1F842A2B9BF3A400CBF4DE /* RealEstateProperty.swift */ = {isa = PBXFileReference; lastKnownFileType = sourcecode.swift; path = RealEstateProperty.swift; sourceTree = "<group>"; };
		0B7EC8B32BA176BA0076F873 /* APIkeys.swift */ = {isa = PBXFileReference; lastKnownFileType = sourcecode.swift; path = APIkeys.swift; sourceTree = "<group>"; };
		0BCD87BE2B9C36BF0018F06B /* CheckList.swift */ = {isa = PBXFileReference; lastKnownFileType = sourcecode.swift; path = CheckList.swift; sourceTree = "<group>"; };
		0BCD87C02B9C36D50018F06B /* AroundFacilitie.swift */ = {isa = PBXFileReference; lastKnownFileType = sourcecode.swift; path = AroundFacilitie.swift; sourceTree = "<group>"; };
		0BCD87C22B9C36EC0018F06B /* Folder.swift */ = {isa = PBXFileReference; lastKnownFileType = sourcecode.swift; path = Folder.swift; sourceTree = "<group>"; };
		0BDE7FFD2B9F3C41006E7DFE /* DaumZipCodeViewController.swift */ = {isa = PBXFileReference; lastKnownFileType = sourcecode.swift; path = DaumZipCodeViewController.swift; sourceTree = "<group>"; };
		0F06748343C356730A920C69 /* Pods_BuyingMyHome.framework */ = {isa = PBXFileReference; explicitFileType = wrapper.framework; includeInIndex = 0; path = Pods_BuyingMyHome.framework; sourceTree = BUILT_PRODUCTS_DIR; };
		19ABA9AD7E594DEC066D4D13 /* Pods-BuyingMyHome.release.xcconfig */ = {isa = PBXFileReference; includeInIndex = 1; lastKnownFileType = text.xcconfig; name = "Pods-BuyingMyHome.release.xcconfig"; path = "Target Support Files/Pods-BuyingMyHome/Pods-BuyingMyHome.release.xcconfig"; sourceTree = "<group>"; };
		B08E652CE83D145625B1B28A /* Pods-BuyingMyHome.debug.xcconfig */ = {isa = PBXFileReference; includeInIndex = 1; lastKnownFileType = text.xcconfig; name = "Pods-BuyingMyHome.debug.xcconfig"; path = "Target Support Files/Pods-BuyingMyHome/Pods-BuyingMyHome.debug.xcconfig"; sourceTree = "<group>"; };
/* End PBXFileReference section */

/* Begin PBXFrameworksBuildPhase section */
		0B1F83CE2B99838500CBF4DE /* Frameworks */ = {
			isa = PBXFrameworksBuildPhase;
			buildActionMask = 2147483647;
			files = (
				0B1F841A2B9994A300CBF4DE /* Kingfisher in Frameworks */,
				0B1F84112B99948200CBF4DE /* RealmSwift in Frameworks */,
				0B1F84142B99949200CBF4DE /* Alamofire in Frameworks */,
				0B1F840F2B99948200CBF4DE /* Realm in Frameworks */,
				0B1F84172B99949B00CBF4DE /* Toast in Frameworks */,
				0B1F840C2B99944E00CBF4DE /* SnapKit in Frameworks */,
				0B1F841D2B9994B300CBF4DE /* TextFieldEffects in Frameworks */,
				1D5E1270A0ABDD760C1A7D18 /* Pods_BuyingMyHome.framework in Frameworks */,
			);
			runOnlyForDeploymentPostprocessing = 0;
		};
/* End PBXFrameworksBuildPhase section */

/* Begin PBXGroup section */
		0B1F83C82B99838500CBF4DE = {
			isa = PBXGroup;
			children = (
				0B1F83E82B99860C00CBF4DE /* .gitignore */,
				0B1F83D32B99838500CBF4DE /* BuyingMyHome */,
				0B1F83D22B99838500CBF4DE /* Products */,
				E5709D2B600757E666DF5EC5 /* Pods */,
				A963362B8451B0179290BFF4 /* Frameworks */,
			);
			sourceTree = "<group>";
		};
		0B1F83D22B99838500CBF4DE /* Products */ = {
			isa = PBXGroup;
			children = (
				0B1F83D12B99838500CBF4DE /* BuyingMyHome.app */,
			);
			name = Products;
			sourceTree = "<group>";
		};
		0B1F83D32B99838500CBF4DE /* BuyingMyHome */ = {
			isa = PBXGroup;
			children = (
				0B1F84232B9AE9EC00CBF4DE /* Model */,
				0B1F84202B9AE9DF00CBF4DE /* Service */,
				0B1F83EC2B99936A00CBF4DE /* Scene */,
				0B1F83D42B99838500CBF4DE /* AppDelegate.swift */,
				0B1F83D62B99838500CBF4DE /* SceneDelegate.swift */,
				0B1F83DD2B99838800CBF4DE /* Assets.xcassets */,
				0B1F83DF2B99838800CBF4DE /* LaunchScreen.storyboard */,
				0B1F83E22B99838800CBF4DE /* Info.plist */,
			);
			path = BuyingMyHome;
			sourceTree = "<group>";
		};
		0B1F83EC2B99936A00CBF4DE /* Scene */ = {
			isa = PBXGroup;
			children = (
				0BDE7FFA2B9F3C26006E7DFE /* DaumZipCodeView */,
				0B1F83ED2B99936F00CBF4DE /* MapView */,
				0B1F84032B9993DE00CBF4DE /* Base */,
				0B1F83F92B9993C000CBF4DE /* TabView */,
			);
			path = Scene;
			sourceTree = "<group>";
		};
		0B1F83ED2B99936F00CBF4DE /* MapView */ = {
			isa = PBXGroup;
			children = (
				0B1F83EF2B99937A00CBF4DE /* ViewController */,
				0B1F83EE2B99937700CBF4DE /* View */,
			);
			path = MapView;
			sourceTree = "<group>";
		};
		0B1F83EE2B99937700CBF4DE /* View */ = {
			isa = PBXGroup;
			children = (
			);
			path = View;
			sourceTree = "<group>";
		};
		0B1F83EF2B99937A00CBF4DE /* ViewController */ = {
			isa = PBXGroup;
			children = (
			);
			path = ViewController;
			sourceTree = "<group>";
		};
		0B1F83F92B9993C000CBF4DE /* TabView */ = {
			isa = PBXGroup;
			children = (
				0B1F83F82B9993C000CBF4DE /* TabbarViewController.swift */,
			);
			path = TabView;
			sourceTree = "<group>";
		};
		0B1F84032B9993DE00CBF4DE /* Base */ = {
			isa = PBXGroup;
			children = (
				0B1F83FF2B9993DE00CBF4DE /* BaseCollectionViewCell.swift */,
				0B1F84002B9993DE00CBF4DE /* BaseTableViewCell.swift */,
				0B1F84012B9993DE00CBF4DE /* BaseUIView.swift */,
				0B1F84022B9993DE00CBF4DE /* BaseViewController.swift */,
			);
			path = Base;
			sourceTree = "<group>";
		};
		0B1F84202B9AE9DF00CBF4DE /* Service */ = {
			isa = PBXGroup;
			children = (
				0B1F84222B9AE9E500CBF4DE /* API */,
			);
			path = Service;
			sourceTree = "<group>";
		};
		0B1F84222B9AE9E500CBF4DE /* API */ = {
			isa = PBXGroup;
			children = (
				0B1F84242B9AEA1200CBF4DE /* RequestManager.swift */,
				0B1F84262B9AEA1F00CBF4DE /* APIkind.swift */,
				0B7EC8B32BA176BA0076F873 /* APIkeys.swift */,
			);
			path = API;
			sourceTree = "<group>";
		};
		0B1F84232B9AE9EC00CBF4DE /* Model */ = {
			isa = PBXGroup;
			children = (
				0B1F84282B9BF39700CBF4DE /* Realm */,
			);
			path = Model;
			sourceTree = "<group>";
		};
		0B1F84282B9BF39700CBF4DE /* Realm */ = {
			isa = PBXGroup;
			children = (
				0B1F842A2B9BF3A400CBF4DE /* RealEstateProperty.swift */,
				0BCD87BE2B9C36BF0018F06B /* CheckList.swift */,
				0BCD87C02B9C36D50018F06B /* AroundFacilitie.swift */,
				0BCD87C22B9C36EC0018F06B /* Folder.swift */,
			);
			path = Realm;
			sourceTree = "<group>";
		};
		0BDE7FFA2B9F3C26006E7DFE /* DaumZipCodeView */ = {
			isa = PBXGroup;
			children = (
				0BDE7FFC2B9F3C33006E7DFE /* ViewController */,
				0BDE7FFB2B9F3C31006E7DFE /* View */,
			);
			path = DaumZipCodeView;
			sourceTree = "<group>";
		};
		0BDE7FFB2B9F3C31006E7DFE /* View */ = {
			isa = PBXGroup;
			children = (
			);
			path = View;
			sourceTree = "<group>";
		};
		0BDE7FFC2B9F3C33006E7DFE /* ViewController */ = {
			isa = PBXGroup;
			children = (
				0BDE7FFD2B9F3C41006E7DFE /* DaumZipCodeViewController.swift */,
			);
			path = ViewController;
			sourceTree = "<group>";
		};
		A963362B8451B0179290BFF4 /* Frameworks */ = {
			isa = PBXGroup;
			children = (
				0F06748343C356730A920C69 /* Pods_BuyingMyHome.framework */,
			);
			name = Frameworks;
			sourceTree = "<group>";
		};
		E5709D2B600757E666DF5EC5 /* Pods */ = {
			isa = PBXGroup;
			children = (
				B08E652CE83D145625B1B28A /* Pods-BuyingMyHome.debug.xcconfig */,
				19ABA9AD7E594DEC066D4D13 /* Pods-BuyingMyHome.release.xcconfig */,
			);
			path = Pods;
			sourceTree = "<group>";
		};
/* End PBXGroup section */

/* Begin PBXNativeTarget section */
		0B1F83D02B99838500CBF4DE /* BuyingMyHome */ = {
			isa = PBXNativeTarget;
			buildConfigurationList = 0B1F83E52B99838800CBF4DE /* Build configuration list for PBXNativeTarget "BuyingMyHome" */;
			buildPhases = (
				49CE677B5161256194FC7A71 /* [CP] Check Pods Manifest.lock */,
				0B1F83CD2B99838500CBF4DE /* Sources */,
				0B1F83CE2B99838500CBF4DE /* Frameworks */,
				0B1F83CF2B99838500CBF4DE /* Resources */,
				AE923669C161BE6A96E09ECA /* [CP] Embed Pods Frameworks */,
			);
			buildRules = (
			);
			dependencies = (
			);
			name = BuyingMyHome;
			packageProductDependencies = (
				0B1F840B2B99944E00CBF4DE /* SnapKit */,
				0B1F840E2B99948200CBF4DE /* Realm */,
				0B1F84102B99948200CBF4DE /* RealmSwift */,
				0B1F84132B99949200CBF4DE /* Alamofire */,
				0B1F84162B99949B00CBF4DE /* Toast */,
				0B1F84192B9994A300CBF4DE /* Kingfisher */,
				0B1F841C2B9994B300CBF4DE /* TextFieldEffects */,
			);
			productName = BuyingMyHome;
			productReference = 0B1F83D12B99838500CBF4DE /* BuyingMyHome.app */;
			productType = "com.apple.product-type.application";
		};
/* End PBXNativeTarget section */

/* Begin PBXProject section */
		0B1F83C92B99838500CBF4DE /* Project object */ = {
			isa = PBXProject;
			attributes = {
				BuildIndependentTargetsInParallel = 1;
				LastSwiftUpdateCheck = 1530;
				LastUpgradeCheck = 1530;
				TargetAttributes = {
					0B1F83D02B99838500CBF4DE = {
						CreatedOnToolsVersion = 15.3;
					};
				};
			};
			buildConfigurationList = 0B1F83CC2B99838500CBF4DE /* Build configuration list for PBXProject "BuyingMyHome" */;
			compatibilityVersion = "Xcode 14.0";
			developmentRegion = en;
			hasScannedForEncodings = 0;
			knownRegions = (
				en,
				Base,
			);
			mainGroup = 0B1F83C82B99838500CBF4DE;
			packageReferences = (
				0B1F840A2B99944E00CBF4DE /* XCRemoteSwiftPackageReference "SnapKit" */,
				0B1F840D2B99948200CBF4DE /* XCRemoteSwiftPackageReference "realm-swift" */,
				0B1F84122B99949200CBF4DE /* XCRemoteSwiftPackageReference "Alamofire" */,
				0B1F84152B99949B00CBF4DE /* XCRemoteSwiftPackageReference "Toast-Swift" */,
				0B1F84182B9994A300CBF4DE /* XCRemoteSwiftPackageReference "Kingfisher" */,
				0B1F841B2B9994B300CBF4DE /* XCRemoteSwiftPackageReference "TextFieldEffects" */,
			);
			productRefGroup = 0B1F83D22B99838500CBF4DE /* Products */;
			projectDirPath = "";
			projectRoot = "";
			targets = (
				0B1F83D02B99838500CBF4DE /* BuyingMyHome */,
			);
		};
/* End PBXProject section */

/* Begin PBXResourcesBuildPhase section */
		0B1F83CF2B99838500CBF4DE /* Resources */ = {
			isa = PBXResourcesBuildPhase;
			buildActionMask = 2147483647;
			files = (
				0B1F83DE2B99838800CBF4DE /* Assets.xcassets in Resources */,
				0B1F83E92B99860C00CBF4DE /* .gitignore in Resources */,
				0B1F83E12B99838800CBF4DE /* Base in Resources */,
			);
			runOnlyForDeploymentPostprocessing = 0;
		};
/* End PBXResourcesBuildPhase section */

/* Begin PBXShellScriptBuildPhase section */
		49CE677B5161256194FC7A71 /* [CP] Check Pods Manifest.lock */ = {
			isa = PBXShellScriptBuildPhase;
			buildActionMask = 2147483647;
			files = (
			);
			inputFileListPaths = (
			);
			inputPaths = (
				"${PODS_PODFILE_DIR_PATH}/Podfile.lock",
				"${PODS_ROOT}/Manifest.lock",
			);
			name = "[CP] Check Pods Manifest.lock";
			outputFileListPaths = (
			);
			outputPaths = (
				"$(DERIVED_FILE_DIR)/Pods-BuyingMyHome-checkManifestLockResult.txt",
			);
			runOnlyForDeploymentPostprocessing = 0;
			shellPath = /bin/sh;
			shellScript = "diff \"${PODS_PODFILE_DIR_PATH}/Podfile.lock\" \"${PODS_ROOT}/Manifest.lock\" > /dev/null\nif [ $? != 0 ] ; then\n    # print error to STDERR\n    echo \"error: The sandbox is not in sync with the Podfile.lock. Run 'pod install' or update your CocoaPods installation.\" >&2\n    exit 1\nfi\n# This output is used by Xcode 'outputs' to avoid re-running this script phase.\necho \"SUCCESS\" > \"${SCRIPT_OUTPUT_FILE_0}\"\n";
			showEnvVarsInLog = 0;
		};
		AE923669C161BE6A96E09ECA /* [CP] Embed Pods Frameworks */ = {
			isa = PBXShellScriptBuildPhase;
			buildActionMask = 2147483647;
			files = (
			);
			inputFileListPaths = (
				"${PODS_ROOT}/Target Support Files/Pods-BuyingMyHome/Pods-BuyingMyHome-frameworks-${CONFIGURATION}-input-files.xcfilelist",
			);
			name = "[CP] Embed Pods Frameworks";
			outputFileListPaths = (
				"${PODS_ROOT}/Target Support Files/Pods-BuyingMyHome/Pods-BuyingMyHome-frameworks-${CONFIGURATION}-output-files.xcfilelist",
			);
			runOnlyForDeploymentPostprocessing = 0;
			shellPath = /bin/sh;
			shellScript = "\"${PODS_ROOT}/Target Support Files/Pods-BuyingMyHome/Pods-BuyingMyHome-frameworks.sh\"\n";
			showEnvVarsInLog = 0;
		};
/* End PBXShellScriptBuildPhase section */

/* Begin PBXSourcesBuildPhase section */
		0B1F83CD2B99838500CBF4DE /* Sources */ = {
			isa = PBXSourcesBuildPhase;
			buildActionMask = 2147483647;
			files = (
				0B7EC8B42BA176BA0076F873 /* APIkeys.swift in Sources */,
				0BCD87BF2B9C36BF0018F06B /* CheckList.swift in Sources */,
				0B1F83FE2B9993C000CBF4DE /* TabbarViewController.swift in Sources */,
				0B1F84042B9993DF00CBF4DE /* BaseCollectionViewCell.swift in Sources */,
				0B1F83D52B99838500CBF4DE /* AppDelegate.swift in Sources */,
				0BCD87C12B9C36D50018F06B /* AroundFacilitie.swift in Sources */,
				0B1F84272B9AEA1F00CBF4DE /* APIkind.swift in Sources */,
				0BDE7FFE2B9F3C41006E7DFE /* DaumZipCodeViewController.swift in Sources */,
				0B1F842B2B9BF3A400CBF4DE /* RealEstateProperty.swift in Sources */,
				0B1F84252B9AEA1200CBF4DE /* RequestManager.swift in Sources */,
				0B1F84072B9993DF00CBF4DE /* BaseViewController.swift in Sources */,
				0BCD87C32B9C36EC0018F06B /* Folder.swift in Sources */,
				0B1F83D72B99838500CBF4DE /* SceneDelegate.swift in Sources */,
				0B1F84062B9993DF00CBF4DE /* BaseUIView.swift in Sources */,
				0B1F84052B9993DF00CBF4DE /* BaseTableViewCell.swift in Sources */,
			);
			runOnlyForDeploymentPostprocessing = 0;
		};
/* End PBXSourcesBuildPhase section */

/* Begin PBXVariantGroup section */
		0B1F83DF2B99838800CBF4DE /* LaunchScreen.storyboard */ = {
			isa = PBXVariantGroup;
			children = (
				0B1F83E02B99838800CBF4DE /* Base */,
			);
			name = LaunchScreen.storyboard;
			sourceTree = "<group>";
		};
/* End PBXVariantGroup section */

/* Begin XCBuildConfiguration section */
		0B1F83E32B99838800CBF4DE /* Debug */ = {
			isa = XCBuildConfiguration;
			buildSettings = {
				ALWAYS_SEARCH_USER_PATHS = NO;
				ASSETCATALOG_COMPILER_GENERATE_SWIFT_ASSET_SYMBOL_EXTENSIONS = YES;
				CLANG_ANALYZER_NONNULL = YES;
				CLANG_ANALYZER_NUMBER_OBJECT_CONVERSION = YES_AGGRESSIVE;
				CLANG_CXX_LANGUAGE_STANDARD = "gnu++20";
				CLANG_ENABLE_MODULES = YES;
				CLANG_ENABLE_OBJC_ARC = YES;
				CLANG_ENABLE_OBJC_WEAK = YES;
				CLANG_WARN_BLOCK_CAPTURE_AUTORELEASING = YES;
				CLANG_WARN_BOOL_CONVERSION = YES;
				CLANG_WARN_COMMA = YES;
				CLANG_WARN_CONSTANT_CONVERSION = YES;
				CLANG_WARN_DEPRECATED_OBJC_IMPLEMENTATIONS = YES;
				CLANG_WARN_DIRECT_OBJC_ISA_USAGE = YES_ERROR;
				CLANG_WARN_DOCUMENTATION_COMMENTS = YES;
				CLANG_WARN_EMPTY_BODY = YES;
				CLANG_WARN_ENUM_CONVERSION = YES;
				CLANG_WARN_INFINITE_RECURSION = YES;
				CLANG_WARN_INT_CONVERSION = YES;
				CLANG_WARN_NON_LITERAL_NULL_CONVERSION = YES;
				CLANG_WARN_OBJC_IMPLICIT_RETAIN_SELF = YES;
				CLANG_WARN_OBJC_LITERAL_CONVERSION = YES;
				CLANG_WARN_OBJC_ROOT_CLASS = YES_ERROR;
				CLANG_WARN_QUOTED_INCLUDE_IN_FRAMEWORK_HEADER = YES;
				CLANG_WARN_RANGE_LOOP_ANALYSIS = YES;
				CLANG_WARN_STRICT_PROTOTYPES = YES;
				CLANG_WARN_SUSPICIOUS_MOVE = YES;
				CLANG_WARN_UNGUARDED_AVAILABILITY = YES_AGGRESSIVE;
				CLANG_WARN_UNREACHABLE_CODE = YES;
				CLANG_WARN__DUPLICATE_METHOD_MATCH = YES;
				COPY_PHASE_STRIP = NO;
				DEBUG_INFORMATION_FORMAT = dwarf;
				ENABLE_STRICT_OBJC_MSGSEND = YES;
				ENABLE_TESTABILITY = YES;
				ENABLE_USER_SCRIPT_SANDBOXING = YES;
				ENABLE_USER_SELECTED_FILES = "";
				GCC_C_LANGUAGE_STANDARD = gnu17;
				GCC_DYNAMIC_NO_PIC = NO;
				GCC_NO_COMMON_BLOCKS = YES;
				GCC_OPTIMIZATION_LEVEL = 0;
				GCC_PREPROCESSOR_DEFINITIONS = (
					"DEBUG=1",
					"$(inherited)",
				);
				GCC_WARN_64_TO_32_BIT_CONVERSION = YES;
				GCC_WARN_ABOUT_RETURN_TYPE = YES_ERROR;
				GCC_WARN_UNDECLARED_SELECTOR = YES;
				GCC_WARN_UNINITIALIZED_AUTOS = YES_AGGRESSIVE;
				GCC_WARN_UNUSED_FUNCTION = YES;
				GCC_WARN_UNUSED_VARIABLE = YES;
				IPHONEOS_DEPLOYMENT_TARGET = 17.4;
				LOCALIZATION_PREFERS_STRING_CATALOGS = YES;
				MTL_ENABLE_DEBUG_INFO = INCLUDE_SOURCE;
				MTL_FAST_MATH = YES;
				ONLY_ACTIVE_ARCH = YES;
				SDKROOT = iphoneos;
				SWIFT_ACTIVE_COMPILATION_CONDITIONS = "DEBUG $(inherited)";
				SWIFT_OPTIMIZATION_LEVEL = "-Onone";
			};
			name = Debug;
		};
		0B1F83E42B99838800CBF4DE /* Release */ = {
			isa = XCBuildConfiguration;
			buildSettings = {
				ALWAYS_SEARCH_USER_PATHS = NO;
				ASSETCATALOG_COMPILER_GENERATE_SWIFT_ASSET_SYMBOL_EXTENSIONS = YES;
				CLANG_ANALYZER_NONNULL = YES;
				CLANG_ANALYZER_NUMBER_OBJECT_CONVERSION = YES_AGGRESSIVE;
				CLANG_CXX_LANGUAGE_STANDARD = "gnu++20";
				CLANG_ENABLE_MODULES = YES;
				CLANG_ENABLE_OBJC_ARC = YES;
				CLANG_ENABLE_OBJC_WEAK = YES;
				CLANG_WARN_BLOCK_CAPTURE_AUTORELEASING = YES;
				CLANG_WARN_BOOL_CONVERSION = YES;
				CLANG_WARN_COMMA = YES;
				CLANG_WARN_CONSTANT_CONVERSION = YES;
				CLANG_WARN_DEPRECATED_OBJC_IMPLEMENTATIONS = YES;
				CLANG_WARN_DIRECT_OBJC_ISA_USAGE = YES_ERROR;
				CLANG_WARN_DOCUMENTATION_COMMENTS = YES;
				CLANG_WARN_EMPTY_BODY = YES;
				CLANG_WARN_ENUM_CONVERSION = YES;
				CLANG_WARN_INFINITE_RECURSION = YES;
				CLANG_WARN_INT_CONVERSION = YES;
				CLANG_WARN_NON_LITERAL_NULL_CONVERSION = YES;
				CLANG_WARN_OBJC_IMPLICIT_RETAIN_SELF = YES;
				CLANG_WARN_OBJC_LITERAL_CONVERSION = YES;
				CLANG_WARN_OBJC_ROOT_CLASS = YES_ERROR;
				CLANG_WARN_QUOTED_INCLUDE_IN_FRAMEWORK_HEADER = YES;
				CLANG_WARN_RANGE_LOOP_ANALYSIS = YES;
				CLANG_WARN_STRICT_PROTOTYPES = YES;
				CLANG_WARN_SUSPICIOUS_MOVE = YES;
				CLANG_WARN_UNGUARDED_AVAILABILITY = YES_AGGRESSIVE;
				CLANG_WARN_UNREACHABLE_CODE = YES;
				CLANG_WARN__DUPLICATE_METHOD_MATCH = YES;
				COPY_PHASE_STRIP = NO;
				DEBUG_INFORMATION_FORMAT = "dwarf-with-dsym";
				ENABLE_NS_ASSERTIONS = NO;
				ENABLE_STRICT_OBJC_MSGSEND = YES;
				ENABLE_USER_SCRIPT_SANDBOXING = YES;
				ENABLE_USER_SELECTED_FILES = "";
				GCC_C_LANGUAGE_STANDARD = gnu17;
				GCC_NO_COMMON_BLOCKS = YES;
				GCC_WARN_64_TO_32_BIT_CONVERSION = YES;
				GCC_WARN_ABOUT_RETURN_TYPE = YES_ERROR;
				GCC_WARN_UNDECLARED_SELECTOR = YES;
				GCC_WARN_UNINITIALIZED_AUTOS = YES_AGGRESSIVE;
				GCC_WARN_UNUSED_FUNCTION = YES;
				GCC_WARN_UNUSED_VARIABLE = YES;
				IPHONEOS_DEPLOYMENT_TARGET = 17.4;
				LOCALIZATION_PREFERS_STRING_CATALOGS = YES;
				MTL_ENABLE_DEBUG_INFO = NO;
				MTL_FAST_MATH = YES;
				SDKROOT = iphoneos;
				SWIFT_COMPILATION_MODE = wholemodule;
				VALIDATE_PRODUCT = YES;
			};
			name = Release;
		};
		0B1F83E62B99838800CBF4DE /* Debug */ = {
			isa = XCBuildConfiguration;
			baseConfigurationReference = B08E652CE83D145625B1B28A /* Pods-BuyingMyHome.debug.xcconfig */;
			buildSettings = {
				ASSETCATALOG_COMPILER_APPICON_NAME = AppIcon;
				ASSETCATALOG_COMPILER_GLOBAL_ACCENT_COLOR_NAME = AccentColor;
				CODE_SIGN_STYLE = Automatic;
				CURRENT_PROJECT_VERSION = 1;
				DEVELOPMENT_TEAM = Y7F2ZW9QG3;
				ENABLE_USER_SCRIPT_SANDBOXING = NO;
				ENABLE_USER_SELECTED_FILES = "";
				GENERATE_INFOPLIST_FILE = YES;
				INFOPLIST_FILE = BuyingMyHome/Info.plist;
				INFOPLIST_KEY_CFBundleDisplayName = "내집마련";
				INFOPLIST_KEY_UIApplicationSupportsIndirectInputEvents = YES;
				INFOPLIST_KEY_UILaunchStoryboardName = LaunchScreen;
				INFOPLIST_KEY_UISupportedInterfaceOrientations_iPad = "UIInterfaceOrientationPortrait UIInterfaceOrientationPortraitUpsideDown UIInterfaceOrientationLandscapeLeft UIInterfaceOrientationLandscapeRight";
				INFOPLIST_KEY_UISupportedInterfaceOrientations_iPhone = "UIInterfaceOrientationPortrait UIInterfaceOrientationLandscapeLeft UIInterfaceOrientationLandscapeRight";
				IPHONEOS_DEPLOYMENT_TARGET = 16.0;
				LD_RUNPATH_SEARCH_PATHS = (
					"$(inherited)",
					"@executable_path/Frameworks",
				);
				MARKETING_VERSION = 1.0;
				PRODUCT_BUNDLE_IDENTIFIER = Yoo.BuyingMyHome;
				PRODUCT_NAME = "$(TARGET_NAME)";
				SUPPORTED_PLATFORMS = "iphoneos iphonesimulator";
				SUPPORTS_MACCATALYST = NO;
				SUPPORTS_MAC_DESIGNED_FOR_IPHONE_IPAD = NO;
				SUPPORTS_XR_DESIGNED_FOR_IPHONE_IPAD = NO;
				SWIFT_EMIT_LOC_STRINGS = YES;
				SWIFT_VERSION = 5.0;
				TARGETED_DEVICE_FAMILY = 1;
			};
			name = Debug;
		};
		0B1F83E72B99838800CBF4DE /* Release */ = {
			isa = XCBuildConfiguration;
			baseConfigurationReference = 19ABA9AD7E594DEC066D4D13 /* Pods-BuyingMyHome.release.xcconfig */;
			buildSettings = {
				ASSETCATALOG_COMPILER_APPICON_NAME = AppIcon;
				ASSETCATALOG_COMPILER_GLOBAL_ACCENT_COLOR_NAME = AccentColor;
				CODE_SIGN_STYLE = Automatic;
				CURRENT_PROJECT_VERSION = 1;
				DEVELOPMENT_TEAM = Y7F2ZW9QG3;
				ENABLE_USER_SCRIPT_SANDBOXING = NO;
				ENABLE_USER_SELECTED_FILES = "";
				GENERATE_INFOPLIST_FILE = YES;
				INFOPLIST_FILE = BuyingMyHome/Info.plist;
				INFOPLIST_KEY_CFBundleDisplayName = "내집마련";
				INFOPLIST_KEY_UIApplicationSupportsIndirectInputEvents = YES;
				INFOPLIST_KEY_UILaunchStoryboardName = LaunchScreen;
				INFOPLIST_KEY_UISupportedInterfaceOrientations_iPad = "UIInterfaceOrientationPortrait UIInterfaceOrientationPortraitUpsideDown UIInterfaceOrientationLandscapeLeft UIInterfaceOrientationLandscapeRight";
				INFOPLIST_KEY_UISupportedInterfaceOrientations_iPhone = "UIInterfaceOrientationPortrait UIInterfaceOrientationLandscapeLeft UIInterfaceOrientationLandscapeRight";
				IPHONEOS_DEPLOYMENT_TARGET = 16.0;
				LD_RUNPATH_SEARCH_PATHS = (
					"$(inherited)",
					"@executable_path/Frameworks",
				);
				MARKETING_VERSION = 1.0;
				PRODUCT_BUNDLE_IDENTIFIER = Yoo.BuyingMyHome;
				PRODUCT_NAME = "$(TARGET_NAME)";
				SUPPORTED_PLATFORMS = "iphoneos iphonesimulator";
				SUPPORTS_MACCATALYST = NO;
				SUPPORTS_MAC_DESIGNED_FOR_IPHONE_IPAD = NO;
				SUPPORTS_XR_DESIGNED_FOR_IPHONE_IPAD = NO;
				SWIFT_EMIT_LOC_STRINGS = YES;
				SWIFT_VERSION = 5.0;
				TARGETED_DEVICE_FAMILY = 1;
			};
			name = Release;
		};
/* End XCBuildConfiguration section */

/* Begin XCConfigurationList section */
		0B1F83CC2B99838500CBF4DE /* Build configuration list for PBXProject "BuyingMyHome" */ = {
			isa = XCConfigurationList;
			buildConfigurations = (
				0B1F83E32B99838800CBF4DE /* Debug */,
				0B1F83E42B99838800CBF4DE /* Release */,
			);
			defaultConfigurationIsVisible = 0;
			defaultConfigurationName = Release;
		};
		0B1F83E52B99838800CBF4DE /* Build configuration list for PBXNativeTarget "BuyingMyHome" */ = {
			isa = XCConfigurationList;
			buildConfigurations = (
				0B1F83E62B99838800CBF4DE /* Debug */,
				0B1F83E72B99838800CBF4DE /* Release */,
			);
			defaultConfigurationIsVisible = 0;
			defaultConfigurationName = Release;
		};
/* End XCConfigurationList section */

/* Begin XCRemoteSwiftPackageReference section */
		0B1F840A2B99944E00CBF4DE /* XCRemoteSwiftPackageReference "SnapKit" */ = {
			isa = XCRemoteSwiftPackageReference;
			repositoryURL = "https://github.com/SnapKit/SnapKit.git";
			requirement = {
				kind = upToNextMajorVersion;
				minimumVersion = 5.7.1;
			};
		};
		0B1F840D2B99948200CBF4DE /* XCRemoteSwiftPackageReference "realm-swift" */ = {
			isa = XCRemoteSwiftPackageReference;
			repositoryURL = "https://github.com/realm/realm-swift.git";
			requirement = {
				kind = upToNextMajorVersion;
				minimumVersion = 10.47.0;
			};
		};
		0B1F84122B99949200CBF4DE /* XCRemoteSwiftPackageReference "Alamofire" */ = {
			isa = XCRemoteSwiftPackageReference;
			repositoryURL = "https://github.com/Alamofire/Alamofire";
			requirement = {
				kind = upToNextMajorVersion;
				minimumVersion = 5.9.0;
			};
		};
		0B1F84152B99949B00CBF4DE /* XCRemoteSwiftPackageReference "Toast-Swift" */ = {
			isa = XCRemoteSwiftPackageReference;
			repositoryURL = "https://github.com/scalessec/Toast-Swift.git";
			requirement = {
				kind = upToNextMajorVersion;
				minimumVersion = 5.1.0;
			};
		};
		0B1F84182B9994A300CBF4DE /* XCRemoteSwiftPackageReference "Kingfisher" */ = {
			isa = XCRemoteSwiftPackageReference;
			repositoryURL = "https://github.com/onevcat/Kingfisher.git";
			requirement = {
				kind = upToNextMajorVersion;
				minimumVersion = 7.11.0;
			};
		};
		0B1F841B2B9994B300CBF4DE /* XCRemoteSwiftPackageReference "TextFieldEffects" */ = {
			isa = XCRemoteSwiftPackageReference;
			repositoryURL = "https://github.com/raulriera/TextFieldEffects.git";
			requirement = {
				kind = upToNextMajorVersion;
				minimumVersion = 1.7.0;
			};
		};
/* End XCRemoteSwiftPackageReference section */

/* Begin XCSwiftPackageProductDependency section */
		0B1F840B2B99944E00CBF4DE /* SnapKit */ = {
			isa = XCSwiftPackageProductDependency;
			package = 0B1F840A2B99944E00CBF4DE /* XCRemoteSwiftPackageReference "SnapKit" */;
			productName = SnapKit;
		};
		0B1F840E2B99948200CBF4DE /* Realm */ = {
			isa = XCSwiftPackageProductDependency;
			package = 0B1F840D2B99948200CBF4DE /* XCRemoteSwiftPackageReference "realm-swift" */;
			productName = Realm;
		};
		0B1F84102B99948200CBF4DE /* RealmSwift */ = {
			isa = XCSwiftPackageProductDependency;
			package = 0B1F840D2B99948200CBF4DE /* XCRemoteSwiftPackageReference "realm-swift" */;
			productName = RealmSwift;
		};
		0B1F84132B99949200CBF4DE /* Alamofire */ = {
			isa = XCSwiftPackageProductDependency;
			package = 0B1F84122B99949200CBF4DE /* XCRemoteSwiftPackageReference "Alamofire" */;
			productName = Alamofire;
		};
		0B1F84162B99949B00CBF4DE /* Toast */ = {
			isa = XCSwiftPackageProductDependency;
			package = 0B1F84152B99949B00CBF4DE /* XCRemoteSwiftPackageReference "Toast-Swift" */;
			productName = Toast;
		};
		0B1F84192B9994A300CBF4DE /* Kingfisher */ = {
			isa = XCSwiftPackageProductDependency;
			package = 0B1F84182B9994A300CBF4DE /* XCRemoteSwiftPackageReference "Kingfisher" */;
			productName = Kingfisher;
		};
		0B1F841C2B9994B300CBF4DE /* TextFieldEffects */ = {
			isa = XCSwiftPackageProductDependency;
			package = 0B1F841B2B9994B300CBF4DE /* XCRemoteSwiftPackageReference "TextFieldEffects" */;
			productName = TextFieldEffects;
		};
/* End XCSwiftPackageProductDependency section */
	};
	rootObject = 0B1F83C92B99838500CBF4DE /* Project object */;
}
